// !$*UTF8*$!
{
	archiveVersion = 1;
	classes = {
	};
	objectVersion = 46;
	objects = {

/* Begin PBXBuildFile section */
		0A18EDAD147713C600E99653 /* QuartzCore.framework in Frameworks */ = {isa = PBXBuildFile; fileRef = 0A18EDAC147713C500E99653 /* QuartzCore.framework */; };
		0A3C3228143A45370080BCA9 /* GCQuarto.m in Sources */ = {isa = PBXBuildFile; fileRef = 0A3C3227143A45360080BCA9 /* GCQuarto.m */; };
		0A4AB36A1484252D00B23709 /* GamesCrafters@2x.png in Resources */ = {isa = PBXBuildFile; fileRef = 0A4AB3681484252D00B23709 /* GamesCrafters@2x.png */; };
		0A4AB36B1484252D00B23709 /* GamesCrafters.png in Resources */ = {isa = PBXBuildFile; fileRef = 0A4AB3691484252D00B23709 /* GamesCrafters.png */; };
		0A4C7D231448D52100305C9C /* Games.plist in Resources */ = {isa = PBXBuildFile; fileRef = 0A4C7D221448D52100305C9C /* Games.plist */; };
		0A6646A11468823700CC955A /* GCGameViewController.m in Sources */ = {isa = PBXBuildFile; fileRef = 0A6646A01468823700CC955A /* GCGameViewController.m */; };
		0A6646B1146887C200CC955A /* redo.png in Resources */ = {isa = PBXBuildFile; fileRef = 0A6646AD146887C200CC955A /* redo.png */; };
		0A6646B2146887C200CC955A /* redo@2x.png in Resources */ = {isa = PBXBuildFile; fileRef = 0A6646AE146887C200CC955A /* redo@2x.png */; };
		0A6646B3146887C200CC955A /* undo.png in Resources */ = {isa = PBXBuildFile; fileRef = 0A6646AF146887C200CC955A /* undo.png */; };
		0A6646B4146887C200CC955A /* undo@2x.png in Resources */ = {isa = PBXBuildFile; fileRef = 0A6646B0146887C200CC955A /* undo@2x.png */; };
		0A6646B71468885400CC955A /* settings.png in Resources */ = {isa = PBXBuildFile; fileRef = 0A6646B51468885400CC955A /* settings.png */; };
		0A6646B81468885400CC955A /* settings@2x.png in Resources */ = {isa = PBXBuildFile; fileRef = 0A6646B61468885400CC955A /* settings@2x.png */; };
		0A6646BB1468888300CC955A /* vvh.png in Resources */ = {isa = PBXBuildFile; fileRef = 0A6646B91468888200CC955A /* vvh.png */; };
		0A6646BC1468888300CC955A /* vvh@2x.png in Resources */ = {isa = PBXBuildFile; fileRef = 0A6646BA1468888300CC955A /* vvh@2x.png */; };
		0A6646BF1468899100CC955A /* variants.png in Resources */ = {isa = PBXBuildFile; fileRef = 0A6646BD1468899100CC955A /* variants.png */; };
		0A6646C01468899100CC955A /* variants@2x.png in Resources */ = {isa = PBXBuildFile; fileRef = 0A6646BE1468899100CC955A /* variants@2x.png */; };
		0A6646C3146889F300CC955A /* home.png in Resources */ = {isa = PBXBuildFile; fileRef = 0A6646C1146889F300CC955A /* home.png */; };
		0A6646C4146889F300CC955A /* home@2x.png in Resources */ = {isa = PBXBuildFile; fileRef = 0A6646C2146889F300CC955A /* home@2x.png */; };
		0A6646C714688AD200CC955A /* GCSidebarView.m in Sources */ = {isa = PBXBuildFile; fileRef = 0A6646C614688AD100CC955A /* GCSidebarView.m */; };
		0A6646D31468955900CC955A /* values.png in Resources */ = {isa = PBXBuildFile; fileRef = 0A6646D11468955900CC955A /* values.png */; };
		0A6646D41468955900CC955A /* values@2x.png in Resources */ = {isa = PBXBuildFile; fileRef = 0A6646D21468955900CC955A /* values@2x.png */; };
		0A6646D71468ADBC00CC955A /* GCDrawerView.m in Sources */ = {isa = PBXBuildFile; fileRef = 0A6646D61468ADBC00CC955A /* GCDrawerView.m */; };
		0A6646DE1468B0C400CC955A /* CloseButton.png in Resources */ = {isa = PBXBuildFile; fileRef = 0A6646DC1468B0C400CC955A /* CloseButton.png */; };
		0A6646DF1468B0C400CC955A /* CloseButton@2x.png in Resources */ = {isa = PBXBuildFile; fileRef = 0A6646DD1468B0C400CC955A /* CloseButton@2x.png */; };
		0A78031A1474A51C004F0036 /* GCQuartoPosition.m in Sources */ = {isa = PBXBuildFile; fileRef = 0A7803191474A51C004F0036 /* GCQuartoPosition.m */; };
		0A78031E1474A9B2004F0036 /* GCQuartoPiece.m in Sources */ = {isa = PBXBuildFile; fileRef = 0A78031D1474A9B2004F0036 /* GCQuartoPiece.m */; };
		0A897642147C7C1D0087BA2F /* GCTicTacToeView.m in Sources */ = {isa = PBXBuildFile; fileRef = 0A18EDD7147B3E6300E99653 /* GCTicTacToeView.m */; };
		0A897643147C7C200087BA2F /* GCTicTacToePosition.m in Sources */ = {isa = PBXBuildFile; fileRef = 0A18EDD1147B36A400E99653 /* GCTicTacToePosition.m */; };
		0A897644147C7C240087BA2F /* GCTicTacToe.m in Sources */ = {isa = PBXBuildFile; fileRef = 0A18EDCE147B35D400E99653 /* GCTicTacToe.m */; };
		0A89764A147C805B0087BA2F /* GCGameController.m in Sources */ = {isa = PBXBuildFile; fileRef = 0A897649147C805B0087BA2F /* GCGameController.m */; };
		0A899010144F6A2700CC9D2F /* connect4.png in Resources */ = {isa = PBXBuildFile; fileRef = 0A89900F144F6A2700CC9D2F /* connect4.png */; };
		0A899013144F6BA400CC9D2F /* connections.png in Resources */ = {isa = PBXBuildFile; fileRef = 0A899012144F6BA400CC9D2F /* connections.png */; };
		0A899015144F6D0800CC9D2F /* othello.png in Resources */ = {isa = PBXBuildFile; fileRef = 0A899014144F6D0800CC9D2F /* othello.png */; };
		0A899017144F6DF500CC9D2F /* tictactoe.png in Resources */ = {isa = PBXBuildFile; fileRef = 0A899016144F6DF500CC9D2F /* tictactoe.png */; };
		0A899019144F6F0B00CC9D2F /* y.png in Resources */ = {isa = PBXBuildFile; fileRef = 0A899018144F6F0B00CC9D2F /* y.png */; };
		0ACFED68147DA0F500DBDD5A /* GCStack.m in Sources */ = {isa = PBXBuildFile; fileRef = 0ACFED67147DA0F500DBDD5A /* GCStack.m */; };
		0ACFED70147DE0F400DBDD5A /* players.png in Resources */ = {isa = PBXBuildFile; fileRef = 0ACFED6E147DE0F300DBDD5A /* players.png */; };
		0ACFED71147DE0F400DBDD5A /* players@2x.png in Resources */ = {isa = PBXBuildFile; fileRef = 0ACFED6F147DE0F300DBDD5A /* players@2x.png */; };
		0ACFED74147DE70A00DBDD5A /* GCGameHistoryItem.m in Sources */ = {isa = PBXBuildFile; fileRef = 0ACFED73147DE70A00DBDD5A /* GCGameHistoryItem.m */; };
		0AD56E15144387980034EF53 /* GCCarouselViewController.m in Sources */ = {isa = PBXBuildFile; fileRef = 0AD56E13144387980034EF53 /* GCCarouselViewController.m */; };
		0ADFA73D14745DBE00967792 /* quarto.png in Resources */ = {isa = PBXBuildFile; fileRef = 0ADFA73C14745DBE00967792 /* quarto.png */; };
		0ADFA74114745FBB00967792 /* GCQuartoView.m in Sources */ = {isa = PBXBuildFile; fileRef = 0ADFA74014745FBB00967792 /* GCQuartoView.m */; };
		0ADFA7451474608A00967792 /* quartoPlatform.png in Resources */ = {isa = PBXBuildFile; fileRef = 0ADFA7431474608A00967792 /* quartoPlatform.png */; };
		0ADFA74814746FB900967792 /* quartoBoard.png in Resources */ = {isa = PBXBuildFile; fileRef = 0ADFA74714746FB900967792 /* quartoBoard.png */; };
		0ADFA759147471DC00967792 /* quartoSquare0.png in Resources */ = {isa = PBXBuildFile; fileRef = 0ADFA749147471DC00967792 /* quartoSquare0.png */; };
		0ADFA75A147471DC00967792 /* quartoSquare1.png in Resources */ = {isa = PBXBuildFile; fileRef = 0ADFA74A147471DC00967792 /* quartoSquare1.png */; };
		0ADFA75B147471DC00967792 /* quartoSquare2.png in Resources */ = {isa = PBXBuildFile; fileRef = 0ADFA74B147471DC00967792 /* quartoSquare2.png */; };
		0ADFA75C147471DC00967792 /* quartoSquare3.png in Resources */ = {isa = PBXBuildFile; fileRef = 0ADFA74C147471DC00967792 /* quartoSquare3.png */; };
		0ADFA75D147471DC00967792 /* quartoSquare4.png in Resources */ = {isa = PBXBuildFile; fileRef = 0ADFA74D147471DC00967792 /* quartoSquare4.png */; };
		0ADFA75E147471DC00967792 /* quartoSquare5.png in Resources */ = {isa = PBXBuildFile; fileRef = 0ADFA74E147471DC00967792 /* quartoSquare5.png */; };
		0ADFA75F147471DC00967792 /* quartoSquare6.png in Resources */ = {isa = PBXBuildFile; fileRef = 0ADFA74F147471DC00967792 /* quartoSquare6.png */; };
		0ADFA760147471DC00967792 /* quartoSquare7.png in Resources */ = {isa = PBXBuildFile; fileRef = 0ADFA750147471DC00967792 /* quartoSquare7.png */; };
		0ADFA761147471DC00967792 /* quartoSquare8.png in Resources */ = {isa = PBXBuildFile; fileRef = 0ADFA751147471DC00967792 /* quartoSquare8.png */; };
		0ADFA762147471DC00967792 /* quartoSquare9.png in Resources */ = {isa = PBXBuildFile; fileRef = 0ADFA752147471DC00967792 /* quartoSquare9.png */; };
		0ADFA763147471DC00967792 /* quartoSquare10.png in Resources */ = {isa = PBXBuildFile; fileRef = 0ADFA753147471DC00967792 /* quartoSquare10.png */; };
		0ADFA764147471DC00967792 /* quartoSquare11.png in Resources */ = {isa = PBXBuildFile; fileRef = 0ADFA754147471DC00967792 /* quartoSquare11.png */; };
		0ADFA765147471DC00967792 /* quartoSquare12.png in Resources */ = {isa = PBXBuildFile; fileRef = 0ADFA755147471DC00967792 /* quartoSquare12.png */; };
		0ADFA766147471DC00967792 /* quartoSquare13.png in Resources */ = {isa = PBXBuildFile; fileRef = 0ADFA756147471DC00967792 /* quartoSquare13.png */; };
		0ADFA767147471DC00967792 /* quartoSquare14.png in Resources */ = {isa = PBXBuildFile; fileRef = 0ADFA757147471DC00967792 /* quartoSquare14.png */; };
		0ADFA768147471DC00967792 /* quartoSquare15.png in Resources */ = {isa = PBXBuildFile; fileRef = 0ADFA758147471DC00967792 /* quartoSquare15.png */; };
		21323A86147AEA8400BCB4EF /* GCConnectionsView.m in Sources */ = {isa = PBXBuildFile; fileRef = 21323A85147AEA8400BCB4EF /* GCConnectionsView.m */; };
		21CBACC2148340D000A475FD /* ConOBar.png in Resources */ = {isa = PBXBuildFile; fileRef = 21CBACC0148340D000A475FD /* ConOBar.png */; };
		21CBACC3148340D000A475FD /* ConXBar.png in Resources */ = {isa = PBXBuildFile; fileRef = 21CBACC1148340D000A475FD /* ConXBar.png */; };
		21D43F24147B27470050BF1B /* ConO.png in Resources */ = {isa = PBXBuildFile; fileRef = 21D43F22147B27470050BF1B /* ConO.png */; };
		21D43F25147B27470050BF1B /* ConX.png in Resources */ = {isa = PBXBuildFile; fileRef = 21D43F23147B27470050BF1B /* ConX.png */; };
		21D786C1143F8C73008E8B17 /* GCConnections.m in Sources */ = {isa = PBXBuildFile; fileRef = 21D786C0143F8C73008E8B17 /* GCConnections.m */; };
		21DA8EF4144457E800C5B4EE /* GCConnectionsPosition.m in Sources */ = {isa = PBXBuildFile; fileRef = 21DA8EF3144457E800C5B4EE /* GCConnectionsPosition.m */; };
		21ED19F6144378D2008DD7FD /* ConnectionsIntegerQueue.m in Sources */ = {isa = PBXBuildFile; fileRef = 21ED19F5144378D2008DD7FD /* ConnectionsIntegerQueue.m */; };
		816816231483E93A0097F101 /* othfelt.png in Resources */ = {isa = PBXBuildFile; fileRef = 8168161A1483E93A0097F101 /* othfelt.png */; };
		816816241483E93A0097F101 /* othfelt2.png in Resources */ = {isa = PBXBuildFile; fileRef = 8168161B1483E93A0097F101 /* othfelt2.png */; };
		816816251483E93A0097F101 /* othlose.png in Resources */ = {isa = PBXBuildFile; fileRef = 8168161C1483E93A0097F101 /* othlose.png */; };
		816816261483E93A0097F101 /* othrec.png in Resources */ = {isa = PBXBuildFile; fileRef = 8168161D1483E93A0097F101 /* othrec.png */; };
		816816271483E93A0097F101 /* othsimpleblack.png in Resources */ = {isa = PBXBuildFile; fileRef = 8168161E1483E93A0097F101 /* othsimpleblack.png */; };
		816816281483E93A0097F101 /* othsimplewhite.png in Resources */ = {isa = PBXBuildFile; fileRef = 8168161F1483E93A0097F101 /* othsimplewhite.png */; };
		816816291483E93A0097F101 /* othtie.png in Resources */ = {isa = PBXBuildFile; fileRef = 816816201483E93A0097F101 /* othtie.png */; };
		8168162A1483E93A0097F101 /* othwhitebar.png in Resources */ = {isa = PBXBuildFile; fileRef = 816816211483E93A0097F101 /* othwhitebar.png */; };
		8168162B1483E93A0097F101 /* othwin.png in Resources */ = {isa = PBXBuildFile; fileRef = 816816221483E93A0097F101 /* othwin.png */; };
		816816321483E9620097F101 /* GCOthello.m in Sources */ = {isa = PBXBuildFile; fileRef = 8168162D1483E9620097F101 /* GCOthello.m */; };
		816816331483E9620097F101 /* GCOthelloView.m in Sources */ = {isa = PBXBuildFile; fileRef = 8168162F1483E9620097F101 /* GCOthelloView.m */; };
		816816341483E9620097F101 /* GCOthelloViewController.m in Sources */ = {isa = PBXBuildFile; fileRef = 816816311483E9620097F101 /* GCOthelloViewController.m */; };
		D707701714366079006C56F6 /* Default.png in Resources */ = {isa = PBXBuildFile; fileRef = D707701214366079006C56F6 /* Default.png */; };
		D707701814366079006C56F6 /* Default@2x.png in Resources */ = {isa = PBXBuildFile; fileRef = D707701314366079006C56F6 /* Default@2x.png */; };
		D707701914366079006C56F6 /* Icon.png in Resources */ = {isa = PBXBuildFile; fileRef = D707701414366079006C56F6 /* Icon.png */; };
		D707701A14366079006C56F6 /* Icon@2x.png in Resources */ = {isa = PBXBuildFile; fileRef = D707701514366079006C56F6 /* Icon@2x.png */; };
		D707701B14366079006C56F6 /* Icon~ipad.png in Resources */ = {isa = PBXBuildFile; fileRef = D707701614366079006C56F6 /* Icon~ipad.png */; };
		D729934514589B3800176A66 /* GCConnectFourViewController.m in Sources */ = {isa = PBXBuildFile; fileRef = D729934414589B3800176A66 /* GCConnectFourViewController.m */; };
		D72EB4A1143CF76E007B46CF /* GCJSONService.m in Sources */ = {isa = PBXBuildFile; fileRef = D72EB4A0143CF76E007B46CF /* GCJSONService.m */; };
		D72EB4A5143CF918007B46CF /* GCConnectFourPosition.m in Sources */ = {isa = PBXBuildFile; fileRef = D72EB4A4143CF918007B46CF /* GCConnectFourPosition.m */; };
		D73A26DE14365CB1009E855C /* GCConnectFour.m in Sources */ = {isa = PBXBuildFile; fileRef = D73A26D214365CB1009E855C /* GCConnectFour.m */; };
		D73A26E014365CB1009E855C /* GCPlayer.m in Sources */ = {isa = PBXBuildFile; fileRef = D73A26D714365CB1009E855C /* GCPlayer.m */; };
		D73A26E114365CB1009E855C /* GCSetupGameViewController.m in Sources */ = {isa = PBXBuildFile; fileRef = D73A26D914365CB1009E855C /* GCSetupGameViewController.m */; };
		D73A26E214365CB1009E855C /* iGamesmanAppDelegate.m in Sources */ = {isa = PBXBuildFile; fileRef = D73A26DB14365CB1009E855C /* iGamesmanAppDelegate.m */; };
		D73A26E314365CB1009E855C /* iGamesmanViewController.m in Sources */ = {isa = PBXBuildFile; fileRef = D73A26DD14365CB1009E855C /* iGamesmanViewController.m */; };
		D73A26E714365CBD009E855C /* GCSetupGameView~ipad.xib in Resources */ = {isa = PBXBuildFile; fileRef = D73A26E514365CBD009E855C /* GCSetupGameView~ipad.xib */; };
		D73A26E814365CBD009E855C /* GCSetupGameView~iphone.xib in Resources */ = {isa = PBXBuildFile; fileRef = D73A26E614365CBD009E855C /* GCSetupGameView~iphone.xib */; };
		D780F9D014365ECB00922ECC /* Patchwork.png in Resources */ = {isa = PBXBuildFile; fileRef = D780F9C914365ECB00922ECC /* Patchwork.png */; };
		D780F9D114365ECB00922ECC /* Patchwork@2x.png in Resources */ = {isa = PBXBuildFile; fileRef = D780F9CA14365ECB00922ECC /* Patchwork@2x.png */; };
		D784DB3A143CFB76008ADB9F /* NSObject+SBJSON.m in Sources */ = {isa = PBXBuildFile; fileRef = D784DB2F143CFB76008ADB9F /* NSObject+SBJSON.m */; };
		D784DB3B143CFB76008ADB9F /* NSString+SBJSON.m in Sources */ = {isa = PBXBuildFile; fileRef = D784DB31143CFB76008ADB9F /* NSString+SBJSON.m */; };
		D784DB3C143CFB76008ADB9F /* SBJSON.m in Sources */ = {isa = PBXBuildFile; fileRef = D784DB33143CFB76008ADB9F /* SBJSON.m */; };
		D784DB3D143CFB76008ADB9F /* SBJsonBase.m in Sources */ = {isa = PBXBuildFile; fileRef = D784DB35143CFB76008ADB9F /* SBJsonBase.m */; };
		D784DB3E143CFB76008ADB9F /* SBJsonParser.m in Sources */ = {isa = PBXBuildFile; fileRef = D784DB37143CFB76008ADB9F /* SBJsonParser.m */; };
		D784DB3F143CFB76008ADB9F /* SBJsonWriter.m in Sources */ = {isa = PBXBuildFile; fileRef = D784DB39143CFB76008ADB9F /* SBJsonWriter.m */; };
		D7A6718614365AF900659C6E /* UIKit.framework in Frameworks */ = {isa = PBXBuildFile; fileRef = D7A6718514365AF900659C6E /* UIKit.framework */; };
		D7A6718814365AF900659C6E /* Foundation.framework in Frameworks */ = {isa = PBXBuildFile; fileRef = D7A6718714365AF900659C6E /* Foundation.framework */; };
		D7A6718A14365AF900659C6E /* CoreGraphics.framework in Frameworks */ = {isa = PBXBuildFile; fileRef = D7A6718914365AF900659C6E /* CoreGraphics.framework */; };
		D7A6719014365AF900659C6E /* InfoPlist.strings in Resources */ = {isa = PBXBuildFile; fileRef = D7A6718E14365AF900659C6E /* InfoPlist.strings */; };
		D7A6719214365AF900659C6E /* main.m in Sources */ = {isa = PBXBuildFile; fileRef = D7A6719114365AF900659C6E /* main.m */; };
/* End PBXBuildFile section */

/* Begin PBXFileReference section */
		0A18EDAC147713C500E99653 /* QuartzCore.framework */ = {isa = PBXFileReference; lastKnownFileType = wrapper.framework; name = QuartzCore.framework; path = System/Library/Frameworks/QuartzCore.framework; sourceTree = SDKROOT; };
		0A18EDCD147B35D400E99653 /* GCTicTacToe.h */ = {isa = PBXFileReference; fileEncoding = 4; lastKnownFileType = sourcecode.c.h; path = GCTicTacToe.h; sourceTree = "<group>"; };
		0A18EDCE147B35D400E99653 /* GCTicTacToe.m */ = {isa = PBXFileReference; fileEncoding = 4; lastKnownFileType = sourcecode.c.objc; path = GCTicTacToe.m; sourceTree = "<group>"; };
		0A18EDD0147B36A400E99653 /* GCTicTacToePosition.h */ = {isa = PBXFileReference; fileEncoding = 4; lastKnownFileType = sourcecode.c.h; path = GCTicTacToePosition.h; sourceTree = "<group>"; };
		0A18EDD1147B36A400E99653 /* GCTicTacToePosition.m */ = {isa = PBXFileReference; fileEncoding = 4; lastKnownFileType = sourcecode.c.objc; path = GCTicTacToePosition.m; sourceTree = "<group>"; };
		0A18EDD6147B3E6300E99653 /* GCTicTacToeView.h */ = {isa = PBXFileReference; fileEncoding = 4; lastKnownFileType = sourcecode.c.h; path = GCTicTacToeView.h; sourceTree = "<group>"; };
		0A18EDD7147B3E6300E99653 /* GCTicTacToeView.m */ = {isa = PBXFileReference; fileEncoding = 4; lastKnownFileType = sourcecode.c.objc; path = GCTicTacToeView.m; sourceTree = "<group>"; };
		0A3C3226143A45360080BCA9 /* GCQuarto.h */ = {isa = PBXFileReference; fileEncoding = 4; lastKnownFileType = sourcecode.c.h; path = GCQuarto.h; sourceTree = "<group>"; };
		0A3C3227143A45360080BCA9 /* GCQuarto.m */ = {isa = PBXFileReference; fileEncoding = 4; lastKnownFileType = sourcecode.c.objc; path = GCQuarto.m; sourceTree = "<group>"; };
		0A4AB3681484252D00B23709 /* GamesCrafters@2x.png */ = {isa = PBXFileReference; lastKnownFileType = image.png; path = "GamesCrafters@2x.png"; sourceTree = "<group>"; };
		0A4AB3691484252D00B23709 /* GamesCrafters.png */ = {isa = PBXFileReference; lastKnownFileType = image.png; path = GamesCrafters.png; sourceTree = "<group>"; };
		0A4C7D221448D52100305C9C /* Games.plist */ = {isa = PBXFileReference; fileEncoding = 4; lastKnownFileType = text.plist.xml; path = Games.plist; sourceTree = "<group>"; };
		0A66469F1468823700CC955A /* GCGameViewController.h */ = {isa = PBXFileReference; fileEncoding = 4; lastKnownFileType = sourcecode.c.h; path = GCGameViewController.h; sourceTree = "<group>"; };
		0A6646A01468823700CC955A /* GCGameViewController.m */ = {isa = PBXFileReference; fileEncoding = 4; lastKnownFileType = sourcecode.c.objc; path = GCGameViewController.m; sourceTree = "<group>"; };
		0A6646AD146887C200CC955A /* redo.png */ = {isa = PBXFileReference; lastKnownFileType = image.png; path = redo.png; sourceTree = "<group>"; };
		0A6646AE146887C200CC955A /* redo@2x.png */ = {isa = PBXFileReference; lastKnownFileType = image.png; path = "redo@2x.png"; sourceTree = "<group>"; };
		0A6646AF146887C200CC955A /* undo.png */ = {isa = PBXFileReference; lastKnownFileType = image.png; path = undo.png; sourceTree = "<group>"; };
		0A6646B0146887C200CC955A /* undo@2x.png */ = {isa = PBXFileReference; lastKnownFileType = image.png; path = "undo@2x.png"; sourceTree = "<group>"; };
		0A6646B51468885400CC955A /* settings.png */ = {isa = PBXFileReference; lastKnownFileType = image.png; path = settings.png; sourceTree = "<group>"; };
		0A6646B61468885400CC955A /* settings@2x.png */ = {isa = PBXFileReference; lastKnownFileType = image.png; path = "settings@2x.png"; sourceTree = "<group>"; };
		0A6646B91468888200CC955A /* vvh.png */ = {isa = PBXFileReference; lastKnownFileType = image.png; path = vvh.png; sourceTree = "<group>"; };
		0A6646BA1468888300CC955A /* vvh@2x.png */ = {isa = PBXFileReference; lastKnownFileType = image.png; path = "vvh@2x.png"; sourceTree = "<group>"; };
		0A6646BD1468899100CC955A /* variants.png */ = {isa = PBXFileReference; lastKnownFileType = image.png; path = variants.png; sourceTree = "<group>"; };
		0A6646BE1468899100CC955A /* variants@2x.png */ = {isa = PBXFileReference; lastKnownFileType = image.png; path = "variants@2x.png"; sourceTree = "<group>"; };
		0A6646C1146889F300CC955A /* home.png */ = {isa = PBXFileReference; lastKnownFileType = image.png; path = home.png; sourceTree = "<group>"; };
		0A6646C2146889F300CC955A /* home@2x.png */ = {isa = PBXFileReference; lastKnownFileType = image.png; path = "home@2x.png"; sourceTree = "<group>"; };
		0A6646C514688AD100CC955A /* GCSidebarView.h */ = {isa = PBXFileReference; fileEncoding = 4; lastKnownFileType = sourcecode.c.h; path = GCSidebarView.h; sourceTree = "<group>"; };
		0A6646C614688AD100CC955A /* GCSidebarView.m */ = {isa = PBXFileReference; fileEncoding = 4; lastKnownFileType = sourcecode.c.objc; path = GCSidebarView.m; sourceTree = "<group>"; };
		0A6646D11468955900CC955A /* values.png */ = {isa = PBXFileReference; lastKnownFileType = image.png; path = values.png; sourceTree = "<group>"; };
		0A6646D21468955900CC955A /* values@2x.png */ = {isa = PBXFileReference; lastKnownFileType = image.png; path = "values@2x.png"; sourceTree = "<group>"; };
		0A6646D51468ADBC00CC955A /* GCDrawerView.h */ = {isa = PBXFileReference; fileEncoding = 4; lastKnownFileType = sourcecode.c.h; path = GCDrawerView.h; sourceTree = "<group>"; };
		0A6646D61468ADBC00CC955A /* GCDrawerView.m */ = {isa = PBXFileReference; fileEncoding = 4; lastKnownFileType = sourcecode.c.objc; path = GCDrawerView.m; sourceTree = "<group>"; };
		0A6646DC1468B0C400CC955A /* CloseButton.png */ = {isa = PBXFileReference; lastKnownFileType = image.png; path = CloseButton.png; sourceTree = "<group>"; };
		0A6646DD1468B0C400CC955A /* CloseButton@2x.png */ = {isa = PBXFileReference; lastKnownFileType = image.png; path = "CloseButton@2x.png"; sourceTree = "<group>"; };
		0A7803181474A51C004F0036 /* GCQuartoPosition.h */ = {isa = PBXFileReference; fileEncoding = 4; lastKnownFileType = sourcecode.c.h; path = GCQuartoPosition.h; sourceTree = "<group>"; };
		0A7803191474A51C004F0036 /* GCQuartoPosition.m */ = {isa = PBXFileReference; fileEncoding = 4; lastKnownFileType = sourcecode.c.objc; path = GCQuartoPosition.m; sourceTree = "<group>"; };
		0A78031C1474A9B2004F0036 /* GCQuartoPiece.h */ = {isa = PBXFileReference; fileEncoding = 4; lastKnownFileType = sourcecode.c.h; path = GCQuartoPiece.h; sourceTree = "<group>"; };
		0A78031D1474A9B2004F0036 /* GCQuartoPiece.m */ = {isa = PBXFileReference; fileEncoding = 4; lastKnownFileType = sourcecode.c.objc; path = GCQuartoPiece.m; sourceTree = "<group>"; };
		0A897648147C805A0087BA2F /* GCGameController.h */ = {isa = PBXFileReference; fileEncoding = 4; lastKnownFileType = sourcecode.c.h; path = GCGameController.h; sourceTree = "<group>"; };
		0A897649147C805B0087BA2F /* GCGameController.m */ = {isa = PBXFileReference; fileEncoding = 4; lastKnownFileType = sourcecode.c.objc; path = GCGameController.m; sourceTree = "<group>"; };
		0A89900F144F6A2700CC9D2F /* connect4.png */ = {isa = PBXFileReference; lastKnownFileType = image.png; path = connect4.png; sourceTree = "<group>"; };
		0A899012144F6BA400CC9D2F /* connections.png */ = {isa = PBXFileReference; lastKnownFileType = image.png; path = connections.png; sourceTree = "<group>"; };
		0A899014144F6D0800CC9D2F /* othello.png */ = {isa = PBXFileReference; lastKnownFileType = image.png; path = othello.png; sourceTree = "<group>"; };
		0A899016144F6DF500CC9D2F /* tictactoe.png */ = {isa = PBXFileReference; lastKnownFileType = image.png; path = tictactoe.png; sourceTree = "<group>"; };
		0A899018144F6F0B00CC9D2F /* y.png */ = {isa = PBXFileReference; lastKnownFileType = image.png; path = y.png; sourceTree = "<group>"; };
		0ACFED66147DA0F500DBDD5A /* GCStack.h */ = {isa = PBXFileReference; fileEncoding = 4; lastKnownFileType = sourcecode.c.h; path = GCStack.h; sourceTree = "<group>"; };
		0ACFED67147DA0F500DBDD5A /* GCStack.m */ = {isa = PBXFileReference; fileEncoding = 4; lastKnownFileType = sourcecode.c.objc; path = GCStack.m; sourceTree = "<group>"; };
		0ACFED6E147DE0F300DBDD5A /* players.png */ = {isa = PBXFileReference; lastKnownFileType = image.png; path = players.png; sourceTree = "<group>"; };
		0ACFED6F147DE0F300DBDD5A /* players@2x.png */ = {isa = PBXFileReference; lastKnownFileType = image.png; path = "players@2x.png"; sourceTree = "<group>"; };
		0ACFED72147DE70A00DBDD5A /* GCGameHistoryItem.h */ = {isa = PBXFileReference; fileEncoding = 4; lastKnownFileType = sourcecode.c.h; path = GCGameHistoryItem.h; sourceTree = "<group>"; };
		0ACFED73147DE70A00DBDD5A /* GCGameHistoryItem.m */ = {isa = PBXFileReference; fileEncoding = 4; lastKnownFileType = sourcecode.c.objc; path = GCGameHistoryItem.m; sourceTree = "<group>"; };
		0AD56E13144387980034EF53 /* GCCarouselViewController.m */ = {isa = PBXFileReference; fileEncoding = 4; lastKnownFileType = sourcecode.c.objc; path = GCCarouselViewController.m; sourceTree = "<group>"; };
		0AD56E14144387980034EF53 /* GCCarouselViewController.h */ = {isa = PBXFileReference; fileEncoding = 4; lastKnownFileType = sourcecode.c.h; path = GCCarouselViewController.h; sourceTree = "<group>"; };
		0ADFA73C14745DBE00967792 /* quarto.png */ = {isa = PBXFileReference; lastKnownFileType = image.png; path = quarto.png; sourceTree = "<group>"; };
		0ADFA73F14745FBB00967792 /* GCQuartoView.h */ = {isa = PBXFileReference; fileEncoding = 4; lastKnownFileType = sourcecode.c.h; path = GCQuartoView.h; sourceTree = "<group>"; };
		0ADFA74014745FBB00967792 /* GCQuartoView.m */ = {isa = PBXFileReference; fileEncoding = 4; lastKnownFileType = sourcecode.c.objc; path = GCQuartoView.m; sourceTree = "<group>"; };
		0ADFA7431474608A00967792 /* quartoPlatform.png */ = {isa = PBXFileReference; lastKnownFileType = image.png; path = quartoPlatform.png; sourceTree = "<group>"; };
		0ADFA74714746FB900967792 /* quartoBoard.png */ = {isa = PBXFileReference; lastKnownFileType = image.png; path = quartoBoard.png; sourceTree = "<group>"; };
		0ADFA749147471DC00967792 /* quartoSquare0.png */ = {isa = PBXFileReference; lastKnownFileType = image.png; path = quartoSquare0.png; sourceTree = "<group>"; };
		0ADFA74A147471DC00967792 /* quartoSquare1.png */ = {isa = PBXFileReference; lastKnownFileType = image.png; path = quartoSquare1.png; sourceTree = "<group>"; };
		0ADFA74B147471DC00967792 /* quartoSquare2.png */ = {isa = PBXFileReference; lastKnownFileType = image.png; path = quartoSquare2.png; sourceTree = "<group>"; };
		0ADFA74C147471DC00967792 /* quartoSquare3.png */ = {isa = PBXFileReference; lastKnownFileType = image.png; path = quartoSquare3.png; sourceTree = "<group>"; };
		0ADFA74D147471DC00967792 /* quartoSquare4.png */ = {isa = PBXFileReference; lastKnownFileType = image.png; path = quartoSquare4.png; sourceTree = "<group>"; };
		0ADFA74E147471DC00967792 /* quartoSquare5.png */ = {isa = PBXFileReference; lastKnownFileType = image.png; path = quartoSquare5.png; sourceTree = "<group>"; };
		0ADFA74F147471DC00967792 /* quartoSquare6.png */ = {isa = PBXFileReference; lastKnownFileType = image.png; path = quartoSquare6.png; sourceTree = "<group>"; };
		0ADFA750147471DC00967792 /* quartoSquare7.png */ = {isa = PBXFileReference; lastKnownFileType = image.png; path = quartoSquare7.png; sourceTree = "<group>"; };
		0ADFA751147471DC00967792 /* quartoSquare8.png */ = {isa = PBXFileReference; lastKnownFileType = image.png; path = quartoSquare8.png; sourceTree = "<group>"; };
		0ADFA752147471DC00967792 /* quartoSquare9.png */ = {isa = PBXFileReference; lastKnownFileType = image.png; path = quartoSquare9.png; sourceTree = "<group>"; };
		0ADFA753147471DC00967792 /* quartoSquare10.png */ = {isa = PBXFileReference; lastKnownFileType = image.png; path = quartoSquare10.png; sourceTree = "<group>"; };
		0ADFA754147471DC00967792 /* quartoSquare11.png */ = {isa = PBXFileReference; lastKnownFileType = image.png; path = quartoSquare11.png; sourceTree = "<group>"; };
		0ADFA755147471DC00967792 /* quartoSquare12.png */ = {isa = PBXFileReference; lastKnownFileType = image.png; path = quartoSquare12.png; sourceTree = "<group>"; };
		0ADFA756147471DC00967792 /* quartoSquare13.png */ = {isa = PBXFileReference; lastKnownFileType = image.png; path = quartoSquare13.png; sourceTree = "<group>"; };
		0ADFA757147471DC00967792 /* quartoSquare14.png */ = {isa = PBXFileReference; lastKnownFileType = image.png; path = quartoSquare14.png; sourceTree = "<group>"; };
		0ADFA758147471DC00967792 /* quartoSquare15.png */ = {isa = PBXFileReference; lastKnownFileType = image.png; path = quartoSquare15.png; sourceTree = "<group>"; };
		21323A84147AEA8400BCB4EF /* GCConnectionsView.h */ = {isa = PBXFileReference; fileEncoding = 4; lastKnownFileType = sourcecode.c.h; path = GCConnectionsView.h; sourceTree = "<group>"; };
		21323A85147AEA8400BCB4EF /* GCConnectionsView.m */ = {isa = PBXFileReference; fileEncoding = 4; lastKnownFileType = sourcecode.c.objc; path = GCConnectionsView.m; sourceTree = "<group>"; };
		21CBACC0148340D000A475FD /* ConOBar.png */ = {isa = PBXFileReference; lastKnownFileType = image.png; path = ConOBar.png; sourceTree = "<group>"; };
		21CBACC1148340D000A475FD /* ConXBar.png */ = {isa = PBXFileReference; lastKnownFileType = image.png; path = ConXBar.png; sourceTree = "<group>"; };
		21D43F22147B27470050BF1B /* ConO.png */ = {isa = PBXFileReference; lastKnownFileType = image.png; path = ConO.png; sourceTree = "<group>"; };
		21D43F23147B27470050BF1B /* ConX.png */ = {isa = PBXFileReference; lastKnownFileType = image.png; path = ConX.png; sourceTree = "<group>"; };
		21D786BF143F8C73008E8B17 /* GCConnections.h */ = {isa = PBXFileReference; fileEncoding = 4; lastKnownFileType = sourcecode.c.h; path = GCConnections.h; sourceTree = "<group>"; };
		21D786C0143F8C73008E8B17 /* GCConnections.m */ = {isa = PBXFileReference; fileEncoding = 4; lastKnownFileType = sourcecode.c.objc; path = GCConnections.m; sourceTree = "<group>"; };
		21DA8EF2144457E800C5B4EE /* GCConnectionsPosition.h */ = {isa = PBXFileReference; fileEncoding = 4; lastKnownFileType = sourcecode.c.h; path = GCConnectionsPosition.h; sourceTree = "<group>"; };
		21DA8EF3144457E800C5B4EE /* GCConnectionsPosition.m */ = {isa = PBXFileReference; fileEncoding = 4; lastKnownFileType = sourcecode.c.objc; path = GCConnectionsPosition.m; sourceTree = "<group>"; };
		21ED19F4144378D2008DD7FD /* ConnectionsIntegerQueue.h */ = {isa = PBXFileReference; fileEncoding = 4; lastKnownFileType = sourcecode.c.h; path = ConnectionsIntegerQueue.h; sourceTree = "<group>"; };
		21ED19F5144378D2008DD7FD /* ConnectionsIntegerQueue.m */ = {isa = PBXFileReference; fileEncoding = 4; lastKnownFileType = sourcecode.c.objc; path = ConnectionsIntegerQueue.m; sourceTree = "<group>"; };
		8168161A1483E93A0097F101 /* othfelt.png */ = {isa = PBXFileReference; lastKnownFileType = image.png; path = othfelt.png; sourceTree = "<group>"; };
		8168161B1483E93A0097F101 /* othfelt2.png */ = {isa = PBXFileReference; lastKnownFileType = image.png; path = othfelt2.png; sourceTree = "<group>"; };
		8168161C1483E93A0097F101 /* othlose.png */ = {isa = PBXFileReference; lastKnownFileType = image.png; path = othlose.png; sourceTree = "<group>"; };
		8168161D1483E93A0097F101 /* othrec.png */ = {isa = PBXFileReference; lastKnownFileType = image.png; path = othrec.png; sourceTree = "<group>"; };
		8168161E1483E93A0097F101 /* othsimpleblack.png */ = {isa = PBXFileReference; lastKnownFileType = image.png; path = othsimpleblack.png; sourceTree = "<group>"; };
		8168161F1483E93A0097F101 /* othsimplewhite.png */ = {isa = PBXFileReference; lastKnownFileType = image.png; path = othsimplewhite.png; sourceTree = "<group>"; };
		816816201483E93A0097F101 /* othtie.png */ = {isa = PBXFileReference; lastKnownFileType = image.png; path = othtie.png; sourceTree = "<group>"; };
		816816211483E93A0097F101 /* othwhitebar.png */ = {isa = PBXFileReference; lastKnownFileType = image.png; path = othwhitebar.png; sourceTree = "<group>"; };
		816816221483E93A0097F101 /* othwin.png */ = {isa = PBXFileReference; lastKnownFileType = image.png; path = othwin.png; sourceTree = "<group>"; };
		8168162C1483E9620097F101 /* GCOthello.h */ = {isa = PBXFileReference; fileEncoding = 4; lastKnownFileType = sourcecode.c.h; path = GCOthello.h; sourceTree = "<group>"; };
		8168162D1483E9620097F101 /* GCOthello.m */ = {isa = PBXFileReference; fileEncoding = 4; lastKnownFileType = sourcecode.c.objc; path = GCOthello.m; sourceTree = "<group>"; };
		8168162E1483E9620097F101 /* GCOthelloView.h */ = {isa = PBXFileReference; fileEncoding = 4; lastKnownFileType = sourcecode.c.h; path = GCOthelloView.h; sourceTree = "<group>"; };
		8168162F1483E9620097F101 /* GCOthelloView.m */ = {isa = PBXFileReference; fileEncoding = 4; lastKnownFileType = sourcecode.c.objc; path = GCOthelloView.m; sourceTree = "<group>"; };
		816816301483E9620097F101 /* GCOthelloViewController.h */ = {isa = PBXFileReference; fileEncoding = 4; lastKnownFileType = sourcecode.c.h; path = GCOthelloViewController.h; sourceTree = "<group>"; };
		816816311483E9620097F101 /* GCOthelloViewController.m */ = {isa = PBXFileReference; fileEncoding = 4; lastKnownFileType = sourcecode.c.objc; path = GCOthelloViewController.m; sourceTree = "<group>"; };
		D707701214366079006C56F6 /* Default.png */ = {isa = PBXFileReference; lastKnownFileType = image.png; path = Default.png; sourceTree = SOURCE_ROOT; };
		D707701314366079006C56F6 /* Default@2x.png */ = {isa = PBXFileReference; lastKnownFileType = image.png; path = "Default@2x.png"; sourceTree = SOURCE_ROOT; };
		D707701414366079006C56F6 /* Icon.png */ = {isa = PBXFileReference; lastKnownFileType = image.png; path = Icon.png; sourceTree = SOURCE_ROOT; };
		D707701514366079006C56F6 /* Icon@2x.png */ = {isa = PBXFileReference; lastKnownFileType = image.png; path = "Icon@2x.png"; sourceTree = SOURCE_ROOT; };
		D707701614366079006C56F6 /* Icon~ipad.png */ = {isa = PBXFileReference; lastKnownFileType = image.png; path = "Icon~ipad.png"; sourceTree = SOURCE_ROOT; };
		D729934314589B3800176A66 /* GCConnectFourViewController.h */ = {isa = PBXFileReference; fileEncoding = 4; lastKnownFileType = sourcecode.c.h; path = GCConnectFourViewController.h; sourceTree = "<group>"; };
		D729934414589B3800176A66 /* GCConnectFourViewController.m */ = {isa = PBXFileReference; fileEncoding = 4; lastKnownFileType = sourcecode.c.objc; path = GCConnectFourViewController.m; sourceTree = "<group>"; };
		D72EB49F143CF76E007B46CF /* GCJSONService.h */ = {isa = PBXFileReference; fileEncoding = 4; lastKnownFileType = sourcecode.c.h; name = GCJSONService.h; path = ../GCJSONService.h; sourceTree = "<group>"; };
		D72EB4A0143CF76E007B46CF /* GCJSONService.m */ = {isa = PBXFileReference; fileEncoding = 4; lastKnownFileType = sourcecode.c.objc; name = GCJSONService.m; path = ../GCJSONService.m; sourceTree = "<group>"; };
		D72EB4A3143CF918007B46CF /* GCConnectFourPosition.h */ = {isa = PBXFileReference; fileEncoding = 4; lastKnownFileType = sourcecode.c.h; path = GCConnectFourPosition.h; sourceTree = "<group>"; };
		D72EB4A4143CF918007B46CF /* GCConnectFourPosition.m */ = {isa = PBXFileReference; fileEncoding = 4; lastKnownFileType = sourcecode.c.objc; path = GCConnectFourPosition.m; sourceTree = "<group>"; };
		D73A26D114365CB1009E855C /* GCConnectFour.h */ = {isa = PBXFileReference; fileEncoding = 4; lastKnownFileType = sourcecode.c.h; path = GCConnectFour.h; sourceTree = "<group>"; };
		D73A26D214365CB1009E855C /* GCConnectFour.m */ = {isa = PBXFileReference; fileEncoding = 4; lastKnownFileType = sourcecode.c.objc; path = GCConnectFour.m; sourceTree = "<group>"; };
		D73A26D514365CB1009E855C /* GCGame.h */ = {isa = PBXFileReference; fileEncoding = 4; lastKnownFileType = sourcecode.c.h; path = GCGame.h; sourceTree = "<group>"; };
		D73A26D614365CB1009E855C /* GCPlayer.h */ = {isa = PBXFileReference; fileEncoding = 4; lastKnownFileType = sourcecode.c.h; path = GCPlayer.h; sourceTree = "<group>"; };
		D73A26D714365CB1009E855C /* GCPlayer.m */ = {isa = PBXFileReference; fileEncoding = 4; lastKnownFileType = sourcecode.c.objc; path = GCPlayer.m; sourceTree = "<group>"; };
		D73A26D814365CB1009E855C /* GCSetupGameViewController.h */ = {isa = PBXFileReference; fileEncoding = 4; lastKnownFileType = sourcecode.c.h; path = GCSetupGameViewController.h; sourceTree = "<group>"; };
		D73A26D914365CB1009E855C /* GCSetupGameViewController.m */ = {isa = PBXFileReference; fileEncoding = 4; lastKnownFileType = sourcecode.c.objc; path = GCSetupGameViewController.m; sourceTree = "<group>"; };
		D73A26DA14365CB1009E855C /* iGamesmanAppDelegate.h */ = {isa = PBXFileReference; fileEncoding = 4; lastKnownFileType = sourcecode.c.h; path = iGamesmanAppDelegate.h; sourceTree = "<group>"; };
		D73A26DB14365CB1009E855C /* iGamesmanAppDelegate.m */ = {isa = PBXFileReference; fileEncoding = 4; lastKnownFileType = sourcecode.c.objc; path = iGamesmanAppDelegate.m; sourceTree = "<group>"; };
		D73A26DC14365CB1009E855C /* iGamesmanViewController.h */ = {isa = PBXFileReference; fileEncoding = 4; lastKnownFileType = sourcecode.c.h; path = iGamesmanViewController.h; sourceTree = "<group>"; };
		D73A26DD14365CB1009E855C /* iGamesmanViewController.m */ = {isa = PBXFileReference; fileEncoding = 4; lastKnownFileType = sourcecode.c.objc; path = iGamesmanViewController.m; sourceTree = "<group>"; };
		D73A26E514365CBD009E855C /* GCSetupGameView~ipad.xib */ = {isa = PBXFileReference; fileEncoding = 4; lastKnownFileType = file.xib; path = "GCSetupGameView~ipad.xib"; sourceTree = "<group>"; };
		D73A26E614365CBD009E855C /* GCSetupGameView~iphone.xib */ = {isa = PBXFileReference; fileEncoding = 4; lastKnownFileType = file.xib; path = "GCSetupGameView~iphone.xib"; sourceTree = "<group>"; };
		D780F9C914365ECB00922ECC /* Patchwork.png */ = {isa = PBXFileReference; lastKnownFileType = image.png; path = Patchwork.png; sourceTree = "<group>"; };
		D780F9CA14365ECB00922ECC /* Patchwork@2x.png */ = {isa = PBXFileReference; lastKnownFileType = image.png; path = "Patchwork@2x.png"; sourceTree = "<group>"; };
		D784DB2D143CFB76008ADB9F /* JSON.h */ = {isa = PBXFileReference; fileEncoding = 4; lastKnownFileType = sourcecode.c.h; path = JSON.h; sourceTree = "<group>"; };
		D784DB2E143CFB76008ADB9F /* NSObject+SBJSON.h */ = {isa = PBXFileReference; fileEncoding = 4; lastKnownFileType = sourcecode.c.h; path = "NSObject+SBJSON.h"; sourceTree = "<group>"; };
		D784DB2F143CFB76008ADB9F /* NSObject+SBJSON.m */ = {isa = PBXFileReference; fileEncoding = 4; lastKnownFileType = sourcecode.c.objc; path = "NSObject+SBJSON.m"; sourceTree = "<group>"; };
		D784DB30143CFB76008ADB9F /* NSString+SBJSON.h */ = {isa = PBXFileReference; fileEncoding = 4; lastKnownFileType = sourcecode.c.h; path = "NSString+SBJSON.h"; sourceTree = "<group>"; };
		D784DB31143CFB76008ADB9F /* NSString+SBJSON.m */ = {isa = PBXFileReference; fileEncoding = 4; lastKnownFileType = sourcecode.c.objc; path = "NSString+SBJSON.m"; sourceTree = "<group>"; };
		D784DB32143CFB76008ADB9F /* SBJSON.h */ = {isa = PBXFileReference; fileEncoding = 4; lastKnownFileType = sourcecode.c.h; path = SBJSON.h; sourceTree = "<group>"; };
		D784DB33143CFB76008ADB9F /* SBJSON.m */ = {isa = PBXFileReference; fileEncoding = 4; lastKnownFileType = sourcecode.c.objc; path = SBJSON.m; sourceTree = "<group>"; };
		D784DB34143CFB76008ADB9F /* SBJsonBase.h */ = {isa = PBXFileReference; fileEncoding = 4; lastKnownFileType = sourcecode.c.h; path = SBJsonBase.h; sourceTree = "<group>"; };
		D784DB35143CFB76008ADB9F /* SBJsonBase.m */ = {isa = PBXFileReference; fileEncoding = 4; lastKnownFileType = sourcecode.c.objc; path = SBJsonBase.m; sourceTree = "<group>"; };
		D784DB36143CFB76008ADB9F /* SBJsonParser.h */ = {isa = PBXFileReference; fileEncoding = 4; lastKnownFileType = sourcecode.c.h; path = SBJsonParser.h; sourceTree = "<group>"; };
		D784DB37143CFB76008ADB9F /* SBJsonParser.m */ = {isa = PBXFileReference; fileEncoding = 4; lastKnownFileType = sourcecode.c.objc; path = SBJsonParser.m; sourceTree = "<group>"; };
		D784DB38143CFB76008ADB9F /* SBJsonWriter.h */ = {isa = PBXFileReference; fileEncoding = 4; lastKnownFileType = sourcecode.c.h; path = SBJsonWriter.h; sourceTree = "<group>"; };
		D784DB39143CFB76008ADB9F /* SBJsonWriter.m */ = {isa = PBXFileReference; fileEncoding = 4; lastKnownFileType = sourcecode.c.objc; path = SBJsonWriter.m; sourceTree = "<group>"; };
		D7A6718114365AF900659C6E /* iGamesman.app */ = {isa = PBXFileReference; explicitFileType = wrapper.application; includeInIndex = 0; path = iGamesman.app; sourceTree = BUILT_PRODUCTS_DIR; };
		D7A6718514365AF900659C6E /* UIKit.framework */ = {isa = PBXFileReference; lastKnownFileType = wrapper.framework; name = UIKit.framework; path = System/Library/Frameworks/UIKit.framework; sourceTree = SDKROOT; };
		D7A6718714365AF900659C6E /* Foundation.framework */ = {isa = PBXFileReference; lastKnownFileType = wrapper.framework; name = Foundation.framework; path = System/Library/Frameworks/Foundation.framework; sourceTree = SDKROOT; };
		D7A6718914365AF900659C6E /* CoreGraphics.framework */ = {isa = PBXFileReference; lastKnownFileType = wrapper.framework; name = CoreGraphics.framework; path = System/Library/Frameworks/CoreGraphics.framework; sourceTree = SDKROOT; };
		D7A6718D14365AF900659C6E /* iGamesman-Info.plist */ = {isa = PBXFileReference; explicitFileType = text.plist.xml; path = "iGamesman-Info.plist"; sourceTree = "<group>"; };
		D7A6718F14365AF900659C6E /* en */ = {isa = PBXFileReference; lastKnownFileType = text.plist.strings; name = en; path = en.lproj/InfoPlist.strings; sourceTree = "<group>"; };
		D7A6719114365AF900659C6E /* main.m */ = {isa = PBXFileReference; lastKnownFileType = sourcecode.c.objc; path = main.m; sourceTree = "<group>"; };
		D7A6719314365AF900659C6E /* iGamesman-Prefix.pch */ = {isa = PBXFileReference; lastKnownFileType = sourcecode.c.h; path = "iGamesman-Prefix.pch"; sourceTree = "<group>"; };
/* End PBXFileReference section */

/* Begin PBXFrameworksBuildPhase section */
		D7A6717E14365AF900659C6E /* Frameworks */ = {
			isa = PBXFrameworksBuildPhase;
			buildActionMask = 2147483647;
			files = (
				0A18EDAD147713C600E99653 /* QuartzCore.framework in Frameworks */,
				D7A6718614365AF900659C6E /* UIKit.framework in Frameworks */,
				D7A6718814365AF900659C6E /* Foundation.framework in Frameworks */,
				D7A6718A14365AF900659C6E /* CoreGraphics.framework in Frameworks */,
			);
			runOnlyForDeploymentPostprocessing = 0;
		};
/* End PBXFrameworksBuildPhase section */

/* Begin PBXGroup section */
		0A18EDCC147B35C000E99653 /* Tic-Tac-Toe */ = {
			isa = PBXGroup;
			children = (
				0A18EDCD147B35D400E99653 /* GCTicTacToe.h */,
				0A18EDCE147B35D400E99653 /* GCTicTacToe.m */,
				0A18EDD0147B36A400E99653 /* GCTicTacToePosition.h */,
				0A18EDD1147B36A400E99653 /* GCTicTacToePosition.m */,
				0A18EDD6147B3E6300E99653 /* GCTicTacToeView.h */,
				0A18EDD7147B3E6300E99653 /* GCTicTacToeView.m */,
			);
			name = "Tic-Tac-Toe";
			sourceTree = "<group>";
		};
		0A6646A31468872A00CC955A /* Sidebar */ = {
			isa = PBXGroup;
			children = (
				0A6646C1146889F300CC955A /* home.png */,
				0A6646C2146889F300CC955A /* home@2x.png */,
				0ACFED6E147DE0F300DBDD5A /* players.png */,
				0ACFED6F147DE0F300DBDD5A /* players@2x.png */,
				0A6646AD146887C200CC955A /* redo.png */,
				0A6646AE146887C200CC955A /* redo@2x.png */,
				0A6646B51468885400CC955A /* settings.png */,
				0A6646B61468885400CC955A /* settings@2x.png */,
				0A6646AF146887C200CC955A /* undo.png */,
				0A6646B0146887C200CC955A /* undo@2x.png */,
				0A6646D11468955900CC955A /* values.png */,
				0A6646D21468955900CC955A /* values@2x.png */,
				0A6646BD1468899100CC955A /* variants.png */,
				0A6646BE1468899100CC955A /* variants@2x.png */,
				0A6646B91468888200CC955A /* vvh.png */,
				0A6646BA1468888300CC955A /* vvh@2x.png */,
			);
			name = Sidebar;
			sourceTree = "<group>";
		};
		0A6646A41468873800CC955A /* Games */ = {
			isa = PBXGroup;
			children = (
				816816171483E91D0097F101 /* Othello */,
				21D43F26147B274A0050BF1B /* Connections */,
				0ADFA7421474606700967792 /* Quarto */,
				0A89900F144F6A2700CC9D2F /* connect4.png */,
				0A899012144F6BA400CC9D2F /* connections.png */,
				0A899014144F6D0800CC9D2F /* othello.png */,
				0ADFA73C14745DBE00967792 /* quarto.png */,
				0A899016144F6DF500CC9D2F /* tictactoe.png */,
				0A899018144F6F0B00CC9D2F /* y.png */,
			);
			name = Games;
			sourceTree = "<group>";
		};
		0ADFA7421474606700967792 /* Quarto */ = {
			isa = PBXGroup;
			children = (
				0ADFA74714746FB900967792 /* quartoBoard.png */,
				0ADFA7431474608A00967792 /* quartoPlatform.png */,
				0ADFA749147471DC00967792 /* quartoSquare0.png */,
				0ADFA74A147471DC00967792 /* quartoSquare1.png */,
				0ADFA74B147471DC00967792 /* quartoSquare2.png */,
				0ADFA74C147471DC00967792 /* quartoSquare3.png */,
				0ADFA74D147471DC00967792 /* quartoSquare4.png */,
				0ADFA74E147471DC00967792 /* quartoSquare5.png */,
				0ADFA74F147471DC00967792 /* quartoSquare6.png */,
				0ADFA750147471DC00967792 /* quartoSquare7.png */,
				0ADFA751147471DC00967792 /* quartoSquare8.png */,
				0ADFA752147471DC00967792 /* quartoSquare9.png */,
				0ADFA753147471DC00967792 /* quartoSquare10.png */,
				0ADFA754147471DC00967792 /* quartoSquare11.png */,
				0ADFA755147471DC00967792 /* quartoSquare12.png */,
				0ADFA756147471DC00967792 /* quartoSquare13.png */,
				0ADFA757147471DC00967792 /* quartoSquare14.png */,
				0ADFA758147471DC00967792 /* quartoSquare15.png */,
			);
			name = Quarto;
			sourceTree = "<group>";
		};
		21D43F26147B274A0050BF1B /* Connections */ = {
			isa = PBXGroup;
			children = (
				21CBACC0148340D000A475FD /* ConOBar.png */,
				21CBACC1148340D000A475FD /* ConXBar.png */,
				21D43F22147B27470050BF1B /* ConO.png */,
				21D43F23147B27470050BF1B /* ConX.png */,
			);
			name = Connections;
			sourceTree = "<group>";
		};
		21D78682143F8290008E8B17 /* Connections */ = {
			isa = PBXGroup;
			children = (
				21ED19F4144378D2008DD7FD /* ConnectionsIntegerQueue.h */,
				21ED19F5144378D2008DD7FD /* ConnectionsIntegerQueue.m */,
				21D786BF143F8C73008E8B17 /* GCConnections.h */,
				21D786C0143F8C73008E8B17 /* GCConnections.m */,
				21DA8EF2144457E800C5B4EE /* GCConnectionsPosition.h */,
				21DA8EF3144457E800C5B4EE /* GCConnectionsPosition.m */,
				21323A84147AEA8400BCB4EF /* GCConnectionsView.h */,
				21323A85147AEA8400BCB4EF /* GCConnectionsView.m */,
			);
			name = Connections;
			sourceTree = "<group>";
		};
		816816171483E91D0097F101 /* Othello */ = {
			isa = PBXGroup;
			children = (
				8168161A1483E93A0097F101 /* othfelt.png */,
				8168161B1483E93A0097F101 /* othfelt2.png */,
				8168161C1483E93A0097F101 /* othlose.png */,
				8168161D1483E93A0097F101 /* othrec.png */,
				8168161E1483E93A0097F101 /* othsimpleblack.png */,
				8168161F1483E93A0097F101 /* othsimplewhite.png */,
				816816201483E93A0097F101 /* othtie.png */,
				816816211483E93A0097F101 /* othwhitebar.png */,
				816816221483E93A0097F101 /* othwin.png */,
			);
			name = Othello;
			sourceTree = "<group>";
		};
		81B929A41448D058005D5A03 /* Othello */ = {
			isa = PBXGroup;
			children = (
				8168162C1483E9620097F101 /* GCOthello.h */,
				8168162D1483E9620097F101 /* GCOthello.m */,
				8168162E1483E9620097F101 /* GCOthelloView.h */,
				8168162F1483E9620097F101 /* GCOthelloView.m */,
				816816301483E9620097F101 /* GCOthelloViewController.h */,
				816816311483E9620097F101 /* GCOthelloViewController.m */,
			);
			name = Othello;
			sourceTree = "<group>";
		};
		D73A26D014365CB1009E855C /* Classes */ = {
			isa = PBXGroup;
			children = (
				D784DB2C143CFB76008ADB9F /* JSON */,
				D7F8BF8D143A4C6A0010F767 /* Games */,
				0AD56E14144387980034EF53 /* GCCarouselViewController.h */,
				0AD56E13144387980034EF53 /* GCCarouselViewController.m */,
				0A6646D51468ADBC00CC955A /* GCDrawerView.h */,
				0A6646D61468ADBC00CC955A /* GCDrawerView.m */,
				D73A26D514365CB1009E855C /* GCGame.h */,
				0A897648147C805A0087BA2F /* GCGameController.h */,
				0A897649147C805B0087BA2F /* GCGameController.m */,
				0ACFED72147DE70A00DBDD5A /* GCGameHistoryItem.h */,
				0ACFED73147DE70A00DBDD5A /* GCGameHistoryItem.m */,
				0A66469F1468823700CC955A /* GCGameViewController.h */,
				0A6646A01468823700CC955A /* GCGameViewController.m */,
				D73A26D614365CB1009E855C /* GCPlayer.h */,
				D73A26D714365CB1009E855C /* GCPlayer.m */,
				D73A26D814365CB1009E855C /* GCSetupGameViewController.h */,
				D73A26D914365CB1009E855C /* GCSetupGameViewController.m */,
				0A6646C514688AD100CC955A /* GCSidebarView.h */,
				0A6646C614688AD100CC955A /* GCSidebarView.m */,
				0ACFED66147DA0F500DBDD5A /* GCStack.h */,
				0ACFED67147DA0F500DBDD5A /* GCStack.m */,
				D73A26DA14365CB1009E855C /* iGamesmanAppDelegate.h */,
				D73A26DB14365CB1009E855C /* iGamesmanAppDelegate.m */,
				D73A26DC14365CB1009E855C /* iGamesmanViewController.h */,
				D73A26DD14365CB1009E855C /* iGamesmanViewController.m */,
			);
			path = Classes;
			sourceTree = "<group>";
		};
		D73A26E414365CBD009E855C /* XIBs */ = {
			isa = PBXGroup;
			children = (
				D73A26E514365CBD009E855C /* GCSetupGameView~ipad.xib */,
				D73A26E614365CBD009E855C /* GCSetupGameView~iphone.xib */,
			);
			path = XIBs;
			sourceTree = "<group>";
		};
		D780F9C314365ECB00922ECC /* Images */ = {
			isa = PBXGroup;
			children = (
				0A6646A31468872A00CC955A /* Sidebar */,
				0A6646A41468873800CC955A /* Games */,
				D780F9C914365ECB00922ECC /* Patchwork.png */,
				D780F9CA14365ECB00922ECC /* Patchwork@2x.png */,
				0A6646DC1468B0C400CC955A /* CloseButton.png */,
				0A6646DD1468B0C400CC955A /* CloseButton@2x.png */,
				0A4AB3681484252D00B23709 /* GamesCrafters@2x.png */,
				0A4AB3691484252D00B23709 /* GamesCrafters.png */,
			);
			path = Images;
			sourceTree = "<group>";
		};
		D784DB2C143CFB76008ADB9F /* JSON */ = {
			isa = PBXGroup;
			children = (
				D72EB49F143CF76E007B46CF /* GCJSONService.h */,
				D72EB4A0143CF76E007B46CF /* GCJSONService.m */,
				D784DB2D143CFB76008ADB9F /* JSON.h */,
				D784DB2E143CFB76008ADB9F /* NSObject+SBJSON.h */,
				D784DB2F143CFB76008ADB9F /* NSObject+SBJSON.m */,
				D784DB30143CFB76008ADB9F /* NSString+SBJSON.h */,
				D784DB31143CFB76008ADB9F /* NSString+SBJSON.m */,
				D784DB32143CFB76008ADB9F /* SBJSON.h */,
				D784DB33143CFB76008ADB9F /* SBJSON.m */,
				D784DB34143CFB76008ADB9F /* SBJsonBase.h */,
				D784DB35143CFB76008ADB9F /* SBJsonBase.m */,
				D784DB36143CFB76008ADB9F /* SBJsonParser.h */,
				D784DB37143CFB76008ADB9F /* SBJsonParser.m */,
				D784DB38143CFB76008ADB9F /* SBJsonWriter.h */,
				D784DB39143CFB76008ADB9F /* SBJsonWriter.m */,
			);
			path = JSON;
			sourceTree = "<group>";
		};
		D7A6717614365AF900659C6E = {
			isa = PBXGroup;
			children = (
				D7A6718B14365AF900659C6E /* iGamesman */,
				D7A6718414365AF900659C6E /* Frameworks */,
				D7A6718214365AF900659C6E /* Products */,
			);
			sourceTree = "<group>";
		};
		D7A6718214365AF900659C6E /* Products */ = {
			isa = PBXGroup;
			children = (
				D7A6718114365AF900659C6E /* iGamesman.app */,
			);
			name = Products;
			sourceTree = "<group>";
		};
		D7A6718414365AF900659C6E /* Frameworks */ = {
			isa = PBXGroup;
			children = (
				0A18EDAC147713C500E99653 /* QuartzCore.framework */,
				D7A6718514365AF900659C6E /* UIKit.framework */,
				D7A6718714365AF900659C6E /* Foundation.framework */,
				D7A6718914365AF900659C6E /* CoreGraphics.framework */,
			);
			name = Frameworks;
			sourceTree = "<group>";
		};
		D7A6718B14365AF900659C6E /* iGamesman */ = {
			isa = PBXGroup;
			children = (
				D73A26D014365CB1009E855C /* Classes */,
				D73A26E414365CBD009E855C /* XIBs */,
				D780F9C314365ECB00922ECC /* Images */,
				D7A6718C14365AF900659C6E /* Supporting Files */,
			);
			path = iGamesman;
			sourceTree = "<group>";
		};
		D7A6718C14365AF900659C6E /* Supporting Files */ = {
			isa = PBXGroup;
			children = (
				D707701214366079006C56F6 /* Default.png */,
				D707701314366079006C56F6 /* Default@2x.png */,
				D707701414366079006C56F6 /* Icon.png */,
				D707701514366079006C56F6 /* Icon@2x.png */,
				D707701614366079006C56F6 /* Icon~ipad.png */,
				0A4C7D221448D52100305C9C /* Games.plist */,
				D7A6718D14365AF900659C6E /* iGamesman-Info.plist */,
				D7A6718E14365AF900659C6E /* InfoPlist.strings */,
				D7A6719114365AF900659C6E /* main.m */,
				D7A6719314365AF900659C6E /* iGamesman-Prefix.pch */,
			);
			name = "Supporting Files";
			sourceTree = "<group>";
		};
		D7F8BF8B143A4C560010F767 /* Quarto */ = {
			isa = PBXGroup;
			children = (
				0A3C3226143A45360080BCA9 /* GCQuarto.h */,
				0A3C3227143A45360080BCA9 /* GCQuarto.m */,
				0A7803181474A51C004F0036 /* GCQuartoPosition.h */,
				0A7803191474A51C004F0036 /* GCQuartoPosition.m */,
				0A78031C1474A9B2004F0036 /* GCQuartoPiece.h */,
				0A78031D1474A9B2004F0036 /* GCQuartoPiece.m */,
				0ADFA73F14745FBB00967792 /* GCQuartoView.h */,
				0ADFA74014745FBB00967792 /* GCQuartoView.m */,
			);
			name = Quarto;
			sourceTree = "<group>";
		};
		D7F8BF8C143A4C5F0010F767 /* Connect 4 */ = {
			isa = PBXGroup;
			children = (
				D73A26D114365CB1009E855C /* GCConnectFour.h */,
				D73A26D214365CB1009E855C /* GCConnectFour.m */,
				D729934314589B3800176A66 /* GCConnectFourViewController.h */,
				D729934414589B3800176A66 /* GCConnectFourViewController.m */,
				D72EB4A3143CF918007B46CF /* GCConnectFourPosition.h */,
				D72EB4A4143CF918007B46CF /* GCConnectFourPosition.m */,
			);
			name = "Connect 4";
			sourceTree = "<group>";
		};
		D7F8BF8D143A4C6A0010F767 /* Games */ = {
			isa = PBXGroup;
			children = (
				0A18EDCC147B35C000E99653 /* Tic-Tac-Toe */,
				81B929A41448D058005D5A03 /* Othello */,
				D7F8BF8B143A4C560010F767 /* Quarto */,
				D7F8BF8C143A4C5F0010F767 /* Connect 4 */,
				21D78682143F8290008E8B17 /* Connections */,
			);
			name = Games;
			sourceTree = "<group>";
		};
/* End PBXGroup section */

/* Begin PBXNativeTarget section */
		D7A6718014365AF900659C6E /* iGamesman */ = {
			isa = PBXNativeTarget;
			buildConfigurationList = D7A671A214365AF900659C6E /* Build configuration list for PBXNativeTarget "iGamesman" */;
			buildPhases = (
				D7A6717D14365AF900659C6E /* Sources */,
				D7A6717E14365AF900659C6E /* Frameworks */,
				D7A6717F14365AF900659C6E /* Resources */,
			);
			buildRules = (
			);
			dependencies = (
			);
			name = iGamesman;
			productName = iGamesman;
			productReference = D7A6718114365AF900659C6E /* iGamesman.app */;
			productType = "com.apple.product-type.application";
		};
/* End PBXNativeTarget section */

/* Begin PBXProject section */
		D7A6717814365AF900659C6E /* Project object */ = {
			isa = PBXProject;
			attributes = {
				LastUpgradeCheck = 0420;
				ORGANIZATIONNAME = GamesCrafters;
			};
			buildConfigurationList = D7A6717B14365AF900659C6E /* Build configuration list for PBXProject "iGamesman" */;
			compatibilityVersion = "Xcode 3.2";
			developmentRegion = English;
			hasScannedForEncodings = 0;
			knownRegions = (
				en,
			);
			mainGroup = D7A6717614365AF900659C6E;
			productRefGroup = D7A6718214365AF900659C6E /* Products */;
			projectDirPath = "";
			projectRoot = "";
			targets = (
				D7A6718014365AF900659C6E /* iGamesman */,
			);
		};
/* End PBXProject section */

/* Begin PBXResourcesBuildPhase section */
		D7A6717F14365AF900659C6E /* Resources */ = {
			isa = PBXResourcesBuildPhase;
			buildActionMask = 2147483647;
			files = (
				D7A6719014365AF900659C6E /* InfoPlist.strings in Resources */,
				D73A26E714365CBD009E855C /* GCSetupGameView~ipad.xib in Resources */,
				D73A26E814365CBD009E855C /* GCSetupGameView~iphone.xib in Resources */,
				D780F9D014365ECB00922ECC /* Patchwork.png in Resources */,
				D780F9D114365ECB00922ECC /* Patchwork@2x.png in Resources */,
				D707701714366079006C56F6 /* Default.png in Resources */,
				D707701814366079006C56F6 /* Default@2x.png in Resources */,
				D707701914366079006C56F6 /* Icon.png in Resources */,
				D707701A14366079006C56F6 /* Icon@2x.png in Resources */,
				D707701B14366079006C56F6 /* Icon~ipad.png in Resources */,
				0A4C7D231448D52100305C9C /* Games.plist in Resources */,
				0A899010144F6A2700CC9D2F /* connect4.png in Resources */,
				0A899013144F6BA400CC9D2F /* connections.png in Resources */,
				0A899015144F6D0800CC9D2F /* othello.png in Resources */,
				0A899017144F6DF500CC9D2F /* tictactoe.png in Resources */,
				0A899019144F6F0B00CC9D2F /* y.png in Resources */,
				0A6646B1146887C200CC955A /* redo.png in Resources */,
				0A6646B2146887C200CC955A /* redo@2x.png in Resources */,
				0A6646B3146887C200CC955A /* undo.png in Resources */,
				0A6646B4146887C200CC955A /* undo@2x.png in Resources */,
				0A6646B71468885400CC955A /* settings.png in Resources */,
				0A6646B81468885400CC955A /* settings@2x.png in Resources */,
				0A6646BB1468888300CC955A /* vvh.png in Resources */,
				0A6646BC1468888300CC955A /* vvh@2x.png in Resources */,
				0A6646BF1468899100CC955A /* variants.png in Resources */,
				0A6646C01468899100CC955A /* variants@2x.png in Resources */,
				0A6646C3146889F300CC955A /* home.png in Resources */,
				0A6646C4146889F300CC955A /* home@2x.png in Resources */,
				0A6646D31468955900CC955A /* values.png in Resources */,
				0A6646D41468955900CC955A /* values@2x.png in Resources */,
				0A6646DE1468B0C400CC955A /* CloseButton.png in Resources */,
				0A6646DF1468B0C400CC955A /* CloseButton@2x.png in Resources */,
				0ADFA73D14745DBE00967792 /* quarto.png in Resources */,
				0ADFA7451474608A00967792 /* quartoPlatform.png in Resources */,
				0ADFA74814746FB900967792 /* quartoBoard.png in Resources */,
				0ADFA759147471DC00967792 /* quartoSquare0.png in Resources */,
				0ADFA75A147471DC00967792 /* quartoSquare1.png in Resources */,
				0ADFA75B147471DC00967792 /* quartoSquare2.png in Resources */,
				0ADFA75C147471DC00967792 /* quartoSquare3.png in Resources */,
				0ADFA75D147471DC00967792 /* quartoSquare4.png in Resources */,
				0ADFA75E147471DC00967792 /* quartoSquare5.png in Resources */,
				0ADFA75F147471DC00967792 /* quartoSquare6.png in Resources */,
				0ADFA760147471DC00967792 /* quartoSquare7.png in Resources */,
				0ADFA761147471DC00967792 /* quartoSquare8.png in Resources */,
				0ADFA762147471DC00967792 /* quartoSquare9.png in Resources */,
				0ADFA763147471DC00967792 /* quartoSquare10.png in Resources */,
				0ADFA764147471DC00967792 /* quartoSquare11.png in Resources */,
				0ADFA765147471DC00967792 /* quartoSquare12.png in Resources */,
				0ADFA766147471DC00967792 /* quartoSquare13.png in Resources */,
				0ADFA767147471DC00967792 /* quartoSquare14.png in Resources */,
				0ADFA768147471DC00967792 /* quartoSquare15.png in Resources */,
				21D43F24147B27470050BF1B /* ConO.png in Resources */,
				21D43F25147B27470050BF1B /* ConX.png in Resources */,
				0ACFED70147DE0F400DBDD5A /* players.png in Resources */,
				0ACFED71147DE0F400DBDD5A /* players@2x.png in Resources */,
				21CBACC2148340D000A475FD /* ConOBar.png in Resources */,
				21CBACC3148340D000A475FD /* ConXBar.png in Resources */,
				816816231483E93A0097F101 /* othfelt.png in Resources */,
				816816241483E93A0097F101 /* othfelt2.png in Resources */,
				816816251483E93A0097F101 /* othlose.png in Resources */,
				816816261483E93A0097F101 /* othrec.png in Resources */,
				816816271483E93A0097F101 /* othsimpleblack.png in Resources */,
				816816281483E93A0097F101 /* othsimplewhite.png in Resources */,
				816816291483E93A0097F101 /* othtie.png in Resources */,
				8168162A1483E93A0097F101 /* othwhitebar.png in Resources */,
				8168162B1483E93A0097F101 /* othwin.png in Resources */,
				0A4AB36A1484252D00B23709 /* GamesCrafters@2x.png in Resources */,
				0A4AB36B1484252D00B23709 /* GamesCrafters.png in Resources */,
			);
			runOnlyForDeploymentPostprocessing = 0;
		};
/* End PBXResourcesBuildPhase section */

/* Begin PBXSourcesBuildPhase section */
		D7A6717D14365AF900659C6E /* Sources */ = {
			isa = PBXSourcesBuildPhase;
			buildActionMask = 2147483647;
			files = (
				D7A6719214365AF900659C6E /* main.m in Sources */,
				D73A26DE14365CB1009E855C /* GCConnectFour.m in Sources */,
				D73A26E014365CB1009E855C /* GCPlayer.m in Sources */,
				D73A26E114365CB1009E855C /* GCSetupGameViewController.m in Sources */,
				D73A26E214365CB1009E855C /* iGamesmanAppDelegate.m in Sources */,
				D73A26E314365CB1009E855C /* iGamesmanViewController.m in Sources */,
				0A3C3228143A45370080BCA9 /* GCQuarto.m in Sources */,
				D72EB4A1143CF76E007B46CF /* GCJSONService.m in Sources */,
				D72EB4A5143CF918007B46CF /* GCConnectFourPosition.m in Sources */,
				D784DB3A143CFB76008ADB9F /* NSObject+SBJSON.m in Sources */,
				D784DB3B143CFB76008ADB9F /* NSString+SBJSON.m in Sources */,
				D784DB3C143CFB76008ADB9F /* SBJSON.m in Sources */,
				D784DB3D143CFB76008ADB9F /* SBJsonBase.m in Sources */,
				D784DB3E143CFB76008ADB9F /* SBJsonParser.m in Sources */,
				D784DB3F143CFB76008ADB9F /* SBJsonWriter.m in Sources */,
				21D786C1143F8C73008E8B17 /* GCConnections.m in Sources */,
				21DA8EF4144457E800C5B4EE /* GCConnectionsPosition.m in Sources */,
				21ED19F6144378D2008DD7FD /* ConnectionsIntegerQueue.m in Sources */,
				0AD56E15144387980034EF53 /* GCCarouselViewController.m in Sources */,
				D729934514589B3800176A66 /* GCConnectFourViewController.m in Sources */,
				0A6646A11468823700CC955A /* GCGameViewController.m in Sources */,
				0A6646C714688AD200CC955A /* GCSidebarView.m in Sources */,
				0A6646D71468ADBC00CC955A /* GCDrawerView.m in Sources */,
				0ADFA74114745FBB00967792 /* GCQuartoView.m in Sources */,
				0A78031A1474A51C004F0036 /* GCQuartoPosition.m in Sources */,
				0A78031E1474A9B2004F0036 /* GCQuartoPiece.m in Sources */,
				21323A86147AEA8400BCB4EF /* GCConnectionsView.m in Sources */,
				0A897642147C7C1D0087BA2F /* GCTicTacToeView.m in Sources */,
				0A897643147C7C200087BA2F /* GCTicTacToePosition.m in Sources */,
				0A897644147C7C240087BA2F /* GCTicTacToe.m in Sources */,
				0A89764A147C805B0087BA2F /* GCGameController.m in Sources */,
				0ACFED68147DA0F500DBDD5A /* GCStack.m in Sources */,
				0ACFED74147DE70A00DBDD5A /* GCGameHistoryItem.m in Sources */,
				816816321483E9620097F101 /* GCOthello.m in Sources */,
				816816331483E9620097F101 /* GCOthelloView.m in Sources */,
				816816341483E9620097F101 /* GCOthelloViewController.m in Sources */,
			);
			runOnlyForDeploymentPostprocessing = 0;
		};
/* End PBXSourcesBuildPhase section */

/* Begin PBXVariantGroup section */
		D7A6718E14365AF900659C6E /* InfoPlist.strings */ = {
			isa = PBXVariantGroup;
			children = (
				D7A6718F14365AF900659C6E /* en */,
			);
			name = InfoPlist.strings;
			sourceTree = "<group>";
		};
/* End PBXVariantGroup section */

/* Begin XCBuildConfiguration section */
		D7A671A014365AF900659C6E /* Debug */ = {
			isa = XCBuildConfiguration;
			buildSettings = {
				ALWAYS_SEARCH_USER_PATHS = NO;
				ARCHS = "$(ARCHS_STANDARD_32_BIT)";
				CODE_SIGN_IDENTITY = "iPhone Developer: Kevin Jorgensen (7S7PEXSPJP)";
				"CODE_SIGN_IDENTITY[sdk=iphoneos*]" = "iPhone Developer";
				COPY_PHASE_STRIP = NO;
				GCC_C_LANGUAGE_STANDARD = gnu99;
				GCC_DYNAMIC_NO_PIC = NO;
				GCC_OPTIMIZATION_LEVEL = 0;
				GCC_PREPROCESSOR_DEFINITIONS = (
					"DEBUG=1",
					"$(inherited)",
				);
				GCC_SYMBOLS_PRIVATE_EXTERN = NO;
				GCC_VERSION = com.apple.compilers.llvmgcc42;
				GCC_WARN_ABOUT_MISSING_PROTOTYPES = YES;
				GCC_WARN_ABOUT_RETURN_TYPE = YES;
				GCC_WARN_UNUSED_VARIABLE = YES;
				IPHONEOS_DEPLOYMENT_TARGET = 4.3;
				PROVISIONING_PROFILE = "61177985-8BAC-4C6F-8D49-38C0D83C7F09";
				SDKROOT = iphoneos;
			};
			name = Debug;
		};
		D7A671A114365AF900659C6E /* Release */ = {
			isa = XCBuildConfiguration;
			buildSettings = {
				ALWAYS_SEARCH_USER_PATHS = NO;
				ARCHS = "$(ARCHS_STANDARD_32_BIT)";
				CODE_SIGN_IDENTITY = "iPhone Developer: Kevin Jorgensen (7S7PEXSPJP)";
				"CODE_SIGN_IDENTITY[sdk=iphoneos*]" = "iPhone Developer";
				COPY_PHASE_STRIP = YES;
				GCC_C_LANGUAGE_STANDARD = gnu99;
				GCC_VERSION = com.apple.compilers.llvmgcc42;
				GCC_WARN_ABOUT_MISSING_PROTOTYPES = YES;
				GCC_WARN_ABOUT_RETURN_TYPE = YES;
				GCC_WARN_UNUSED_VARIABLE = YES;
				IPHONEOS_DEPLOYMENT_TARGET = 4.3;
				OTHER_CFLAGS = "-DNS_BLOCK_ASSERTIONS=1";
				PROVISIONING_PROFILE = "61177985-8BAC-4C6F-8D49-38C0D83C7F09";
				SDKROOT = iphoneos;
				VALIDATE_PRODUCT = YES;
			};
			name = Release;
		};
		D7A671A314365AF900659C6E /* Debug */ = {
			isa = XCBuildConfiguration;
			buildSettings = {
				CODE_SIGN_IDENTITY = "iPhone Developer";
				GCC_PRECOMPILE_PREFIX_HEADER = YES;
				GCC_PREFIX_HEADER = "iGamesman/iGamesman-Prefix.pch";
				GCC_VERSION = com.apple.compilers.llvmgcc42;
				INFOPLIST_FILE = "iGamesman/iGamesman-Info.plist";
				IPHONEOS_DEPLOYMENT_TARGET = 4.3;
				PRODUCT_NAME = "$(TARGET_NAME)";
				PROVISIONING_PROFILE = "";
				TARGETED_DEVICE_FAMILY = "1,2";
				WRAPPER_EXTENSION = app;
			};
			name = Debug;
		};
		D7A671A414365AF900659C6E /* Release */ = {
			isa = XCBuildConfiguration;
			buildSettings = {
				CODE_SIGN_IDENTITY = "iPhone Developer";
				GCC_PRECOMPILE_PREFIX_HEADER = YES;
				GCC_PREFIX_HEADER = "iGamesman/iGamesman-Prefix.pch";
				GCC_VERSION = com.apple.compilers.llvmgcc42;
				INFOPLIST_FILE = "iGamesman/iGamesman-Info.plist";
				IPHONEOS_DEPLOYMENT_TARGET = 4.3;
				PRODUCT_NAME = "$(TARGET_NAME)";
				PROVISIONING_PROFILE = "";
				TARGETED_DEVICE_FAMILY = "1,2";
				WRAPPER_EXTENSION = app;
			};
			name = Release;
		};
/* End XCBuildConfiguration section */

/* Begin XCConfigurationList section */
		D7A6717B14365AF900659C6E /* Build configuration list for PBXProject "iGamesman" */ = {
			isa = XCConfigurationList;
			buildConfigurations = (
				D7A671A014365AF900659C6E /* Debug */,
				D7A671A114365AF900659C6E /* Release */,
			);
			defaultConfigurationIsVisible = 0;
			defaultConfigurationName = Release;
		};
		D7A671A214365AF900659C6E /* Build configuration list for PBXNativeTarget "iGamesman" */ = {
			isa = XCConfigurationList;
			buildConfigurations = (
				D7A671A314365AF900659C6E /* Debug */,
				D7A671A414365AF900659C6E /* Release */,
			);
			defaultConfigurationIsVisible = 0;
			defaultConfigurationName = Release;
		};
/* End XCConfigurationList section */
	};
	rootObject = D7A6717814365AF900659C6E /* Project object */;
}
