// !$*UTF8*$!
{
	archiveVersion = 1;
	classes = {
	};
	objectVersion = 45;
	objects = {

/* Begin PBXBuildFile section */
		0A0481EA113218D300156CFF /* GCConnectionsViewController.m in Sources */ = {isa = PBXBuildFile; fileRef = 0A0481E9113218D300156CFF /* GCConnectionsViewController.m */; };
		0A12AB841115770C00297EB8 /* GCConnectFourOptionMenu.m in Sources */ = {isa = PBXBuildFile; fileRef = 0A12AB831115770C00297EB8 /* GCConnectFourOptionMenu.m */; };
		0A19F19C11260B2E0003F8C7 /* GCConnections.m in Sources */ = {isa = PBXBuildFile; fileRef = 0A19F19B11260B2E0003F8C7 /* GCConnections.m */; };
		0A19F1B111260E4F0003F8C7 /* GCConnectionsOptionMenu.m in Sources */ = {isa = PBXBuildFile; fileRef = 0A19F1B011260E4F0003F8C7 /* GCConnectionsOptionMenu.m */; };
		0A307FEE1123D4CC00BD4B8E /* C4Grid.png in Resources */ = {isa = PBXBuildFile; fileRef = 0A307FED1123D4CC00BD4B8E /* C4Grid.png */; };
		0A307FF31123D64000BD4B8E /* C4GridTopClear.png in Resources */ = {isa = PBXBuildFile; fileRef = 0A307FF21123D64000BD4B8E /* C4GridTopClear.png */; };
		0A307FFD1123D7AB00BD4B8E /* C4O.png in Resources */ = {isa = PBXBuildFile; fileRef = 0A307FFC1123D7AB00BD4B8E /* C4O.png */; };
		0A307FFF1123D7B000BD4B8E /* C4X.png in Resources */ = {isa = PBXBuildFile; fileRef = 0A307FFE1123D7B000BD4B8E /* C4X.png */; };
		0A30802F1123DF6600BD4B8E /* GCGameController.m in Sources */ = {isa = PBXBuildFile; fileRef = 0A30802E1123DF6600BD4B8E /* GCGameController.m */; };
		0A3292EE11323FF3006066E5 /* ConO.png in Resources */ = {isa = PBXBuildFile; fileRef = 0A3292EC11323FF3006066E5 /* ConO.png */; };
		0A3292EF11323FF3006066E5 /* ConX.png in Resources */ = {isa = PBXBuildFile; fileRef = 0A3292ED11323FF3006066E5 /* ConX.png */; };
		0A65E638111CCFFC001400F6 /* GCYGame.m in Sources */ = {isa = PBXBuildFile; fileRef = 0A65E637111CCFFC001400F6 /* GCYGame.m */; };
		0A65E65E111CD5DD001400F6 /* GCYOptionMenu.m in Sources */ = {isa = PBXBuildFile; fileRef = 0A65E65D111CD5DD001400F6 /* GCYOptionMenu.m */; };
		0A65E695111CDEDA001400F6 /* GCGameViewController.m in Sources */ = {isa = PBXBuildFile; fileRef = 0A65E694111CDEDA001400F6 /* GCGameViewController.m */; };
		0A65E697111CDF06001400F6 /* GameView.xib in Resources */ = {isa = PBXBuildFile; fileRef = 0A65E696111CDF06001400F6 /* GameView.xib */; };
		0A65E6D7111CE1E7001400F6 /* Back.png in Resources */ = {isa = PBXBuildFile; fileRef = 0A65E6D6111CE1E7001400F6 /* Back.png */; };
		0A65E6E3111CE375001400F6 /* GCGameOptionsController.m in Sources */ = {isa = PBXBuildFile; fileRef = 0A65E6E2111CE375001400F6 /* GCGameOptionsController.m */; };
		0A65E715111CE538001400F6 /* GCConnectFourViewController.m in Sources */ = {isa = PBXBuildFile; fileRef = 0A65E714111CE538001400F6 /* GCConnectFourViewController.m */; };
		0A85D25D112E6E58007D2C3C /* Pause.png in Resources */ = {isa = PBXBuildFile; fileRef = 0A85D25B112E6E58007D2C3C /* Pause.png */; };
		0A85D260112E6E86007D2C3C /* Resume.png in Resources */ = {isa = PBXBuildFile; fileRef = 0A85D25F112E6E86007D2C3C /* Resume.png */; };
		0A85D289112E7561007D2C3C /* Settings.png in Resources */ = {isa = PBXBuildFile; fileRef = 0A85D288112E7561007D2C3C /* Settings.png */; };
		0A8755F91113F8CE006AB678 /* GCGameListController.m in Sources */ = {isa = PBXBuildFile; fileRef = 0A8755F81113F8CE006AB678 /* GCGameListController.m */; };
		0A8756041113F9C6006AB678 /* Play.png in Resources */ = {isa = PBXBuildFile; fileRef = 0A8756031113F9C6006AB678 /* Play.png */; };
		0A8756111113FA3E006AB678 /* GCAboutController.m in Sources */ = {isa = PBXBuildFile; fileRef = 0A8756101113FA3E006AB678 /* GCAboutController.m */; };
		0A87561F1113FA9D006AB678 /* About.png in Resources */ = {isa = PBXBuildFile; fileRef = 0A87561E1113FA9D006AB678 /* About.png */; };
		0A8756231113FABB006AB678 /* About.xib in Resources */ = {isa = PBXBuildFile; fileRef = 0A8756221113FABB006AB678 /* About.xib */; };
		0A8756271113FACE006AB678 /* oxy.png in Resources */ = {isa = PBXBuildFile; fileRef = 0A8756261113FACE006AB678 /* oxy.png */; };
		0A87562C1113FB0A006AB678 /* GCCreditsController.m in Sources */ = {isa = PBXBuildFile; fileRef = 0A87562B1113FB0A006AB678 /* GCCreditsController.m */; };
		0A87563711140191006AB678 /* GCGame.m in Sources */ = {isa = PBXBuildFile; fileRef = 0A87563611140191006AB678 /* GCGame.m */; };
		0A87568C111411F3006AB678 /* GCConnectFour.m in Sources */ = {isa = PBXBuildFile; fileRef = 0A87568B111411F3006AB678 /* GCConnectFour.m */; };
		0A8756B7111415BE006AB678 /* GCGameMenuController.m in Sources */ = {isa = PBXBuildFile; fileRef = 0A8756B6111415BE006AB678 /* GCGameMenuController.m */; };
		0A87575811142585006AB678 /* GCPlayerChangeController.m in Sources */ = {isa = PBXBuildFile; fileRef = 0A87575711142585006AB678 /* GCPlayerChangeController.m */; };
		0A87575C111425A2006AB678 /* PlayerChanger.xib in Resources */ = {isa = PBXBuildFile; fileRef = 0A87575B111425A2006AB678 /* PlayerChanger.xib */; };
		1D3623260D0F684500981E51 /* GamesmanMobileAppDelegate.m in Sources */ = {isa = PBXBuildFile; fileRef = 1D3623250D0F684500981E51 /* GamesmanMobileAppDelegate.m */; };
		1D60589B0D05DD56006BFB54 /* main.m in Sources */ = {isa = PBXBuildFile; fileRef = 29B97316FDCFA39411CA2CEA /* main.m */; };
		1D60589F0D05DD5A006BFB54 /* Foundation.framework in Frameworks */ = {isa = PBXBuildFile; fileRef = 1D30AB110D05D00D00671497 /* Foundation.framework */; };
		1DF5F4E00D08C38300B7A737 /* UIKit.framework in Frameworks */ = {isa = PBXBuildFile; fileRef = 1DF5F4DF0D08C38300B7A737 /* UIKit.framework */; };
		288765FD0DF74451002DB57D /* CoreGraphics.framework in Frameworks */ = {isa = PBXBuildFile; fileRef = 288765FC0DF74451002DB57D /* CoreGraphics.framework */; };
		28AD733F0D9D9553002E5188 /* MainWindow.xib in Resources */ = {isa = PBXBuildFile; fileRef = 28AD733E0D9D9553002E5188 /* MainWindow.xib */; };
/* End PBXBuildFile section */

/* Begin PBXFileReference section */
		0A0481E8113218D300156CFF /* GCConnectionsViewController.h */ = {isa = PBXFileReference; fileEncoding = 4; lastKnownFileType = sourcecode.c.h; path = GCConnectionsViewController.h; sourceTree = "<group>"; };
		0A0481E9113218D300156CFF /* GCConnectionsViewController.m */ = {isa = PBXFileReference; fileEncoding = 4; lastKnownFileType = sourcecode.c.objc; path = GCConnectionsViewController.m; sourceTree = "<group>"; };
		0A12AB821115770C00297EB8 /* GCConnectFourOptionMenu.h */ = {isa = PBXFileReference; fileEncoding = 4; lastKnownFileType = sourcecode.c.h; path = GCConnectFourOptionMenu.h; sourceTree = "<group>"; };
		0A12AB831115770C00297EB8 /* GCConnectFourOptionMenu.m */ = {isa = PBXFileReference; fileEncoding = 4; lastKnownFileType = sourcecode.c.objc; path = GCConnectFourOptionMenu.m; sourceTree = "<group>"; };
		0A12ABD211157C7300297EB8 /* GCOptionMenu.h */ = {isa = PBXFileReference; fileEncoding = 4; lastKnownFileType = sourcecode.c.h; path = GCOptionMenu.h; sourceTree = "<group>"; };
		0A12ABE011157CDA00297EB8 /* GCRulesDelegate.h */ = {isa = PBXFileReference; fileEncoding = 4; lastKnownFileType = sourcecode.c.h; path = GCRulesDelegate.h; sourceTree = "<group>"; };
		0A19F19A11260B2E0003F8C7 /* GCConnections.h */ = {isa = PBXFileReference; fileEncoding = 4; lastKnownFileType = sourcecode.c.h; path = GCConnections.h; sourceTree = "<group>"; };
		0A19F19B11260B2E0003F8C7 /* GCConnections.m */ = {isa = PBXFileReference; fileEncoding = 4; lastKnownFileType = sourcecode.c.objc; path = GCConnections.m; sourceTree = "<group>"; };
		0A19F1AF11260E4F0003F8C7 /* GCConnectionsOptionMenu.h */ = {isa = PBXFileReference; fileEncoding = 4; lastKnownFileType = sourcecode.c.h; path = GCConnectionsOptionMenu.h; sourceTree = "<group>"; };
		0A19F1B011260E4F0003F8C7 /* GCConnectionsOptionMenu.m */ = {isa = PBXFileReference; fileEncoding = 4; lastKnownFileType = sourcecode.c.objc; path = GCConnectionsOptionMenu.m; sourceTree = "<group>"; };
		0A307FED1123D4CC00BD4B8E /* C4Grid.png */ = {isa = PBXFileReference; lastKnownFileType = image.png; path = C4Grid.png; sourceTree = "<group>"; };
		0A307FF21123D64000BD4B8E /* C4GridTopClear.png */ = {isa = PBXFileReference; lastKnownFileType = image.png; path = C4GridTopClear.png; sourceTree = "<group>"; };
		0A307FFC1123D7AB00BD4B8E /* C4O.png */ = {isa = PBXFileReference; lastKnownFileType = image.png; path = C4O.png; sourceTree = "<group>"; };
		0A307FFE1123D7B000BD4B8E /* C4X.png */ = {isa = PBXFileReference; lastKnownFileType = image.png; path = C4X.png; sourceTree = "<group>"; };
		0A30802D1123DF6600BD4B8E /* GCGameController.h */ = {isa = PBXFileReference; fileEncoding = 4; lastKnownFileType = sourcecode.c.h; path = GCGameController.h; sourceTree = "<group>"; };
		0A30802E1123DF6600BD4B8E /* GCGameController.m */ = {isa = PBXFileReference; fileEncoding = 4; lastKnownFileType = sourcecode.c.objc; path = GCGameController.m; sourceTree = "<group>"; };
		0A3292EC11323FF3006066E5 /* ConO.png */ = {isa = PBXFileReference; lastKnownFileType = image.png; path = ConO.png; sourceTree = "<group>"; };
		0A3292ED11323FF3006066E5 /* ConX.png */ = {isa = PBXFileReference; lastKnownFileType = image.png; path = ConX.png; sourceTree = "<group>"; };
		0A65E636111CCFFC001400F6 /* GCYGame.h */ = {isa = PBXFileReference; fileEncoding = 4; lastKnownFileType = sourcecode.c.h; path = GCYGame.h; sourceTree = "<group>"; };
		0A65E637111CCFFC001400F6 /* GCYGame.m */ = {isa = PBXFileReference; fileEncoding = 4; lastKnownFileType = sourcecode.c.objc; path = GCYGame.m; sourceTree = "<group>"; };
		0A65E65C111CD5DD001400F6 /* GCYOptionMenu.h */ = {isa = PBXFileReference; fileEncoding = 4; lastKnownFileType = sourcecode.c.h; path = GCYOptionMenu.h; sourceTree = "<group>"; };
		0A65E65D111CD5DD001400F6 /* GCYOptionMenu.m */ = {isa = PBXFileReference; fileEncoding = 4; lastKnownFileType = sourcecode.c.objc; path = GCYOptionMenu.m; sourceTree = "<group>"; };
		0A65E693111CDEDA001400F6 /* GCGameViewController.h */ = {isa = PBXFileReference; fileEncoding = 4; lastKnownFileType = sourcecode.c.h; path = GCGameViewController.h; sourceTree = "<group>"; };
		0A65E694111CDEDA001400F6 /* GCGameViewController.m */ = {isa = PBXFileReference; fileEncoding = 4; lastKnownFileType = sourcecode.c.objc; path = GCGameViewController.m; sourceTree = "<group>"; };
		0A65E696111CDF06001400F6 /* GameView.xib */ = {isa = PBXFileReference; lastKnownFileType = file.xib; path = GameView.xib; sourceTree = "<group>"; };
		0A65E6D6111CE1E7001400F6 /* Back.png */ = {isa = PBXFileReference; lastKnownFileType = image.png; path = Back.png; sourceTree = "<group>"; };
		0A65E6E1111CE375001400F6 /* GCGameOptionsController.h */ = {isa = PBXFileReference; fileEncoding = 4; lastKnownFileType = sourcecode.c.h; path = GCGameOptionsController.h; sourceTree = "<group>"; };
		0A65E6E2111CE375001400F6 /* GCGameOptionsController.m */ = {isa = PBXFileReference; fileEncoding = 4; lastKnownFileType = sourcecode.c.objc; path = GCGameOptionsController.m; sourceTree = "<group>"; };
		0A65E713111CE538001400F6 /* GCConnectFourViewController.h */ = {isa = PBXFileReference; fileEncoding = 4; lastKnownFileType = sourcecode.c.h; path = GCConnectFourViewController.h; sourceTree = "<group>"; };
		0A65E714111CE538001400F6 /* GCConnectFourViewController.m */ = {isa = PBXFileReference; fileEncoding = 4; lastKnownFileType = sourcecode.c.objc; path = GCConnectFourViewController.m; sourceTree = "<group>"; };
		0A85D25B112E6E58007D2C3C /* Pause.png */ = {isa = PBXFileReference; lastKnownFileType = image.png; path = Pause.png; sourceTree = "<group>"; };
		0A85D25F112E6E86007D2C3C /* Resume.png */ = {isa = PBXFileReference; lastKnownFileType = image.png; path = Resume.png; sourceTree = "<group>"; };
		0A85D288112E7561007D2C3C /* Settings.png */ = {isa = PBXFileReference; lastKnownFileType = image.png; path = Settings.png; sourceTree = "<group>"; };
		0A8755F71113F8CE006AB678 /* GCGameListController.h */ = {isa = PBXFileReference; fileEncoding = 4; lastKnownFileType = sourcecode.c.h; path = GCGameListController.h; sourceTree = "<group>"; };
		0A8755F81113F8CE006AB678 /* GCGameListController.m */ = {isa = PBXFileReference; fileEncoding = 4; lastKnownFileType = sourcecode.c.objc; path = GCGameListController.m; sourceTree = "<group>"; };
		0A8756031113F9C6006AB678 /* Play.png */ = {isa = PBXFileReference; lastKnownFileType = image.png; path = Play.png; sourceTree = "<group>"; };
		0A87560F1113FA3E006AB678 /* GCAboutController.h */ = {isa = PBXFileReference; fileEncoding = 4; lastKnownFileType = sourcecode.c.h; path = GCAboutController.h; sourceTree = "<group>"; };
		0A8756101113FA3E006AB678 /* GCAboutController.m */ = {isa = PBXFileReference; fileEncoding = 4; lastKnownFileType = sourcecode.c.objc; path = GCAboutController.m; sourceTree = "<group>"; };
		0A87561E1113FA9D006AB678 /* About.png */ = {isa = PBXFileReference; lastKnownFileType = image.png; path = About.png; sourceTree = "<group>"; };
		0A8756221113FABB006AB678 /* About.xib */ = {isa = PBXFileReference; lastKnownFileType = file.xib; path = About.xib; sourceTree = "<group>"; };
		0A8756261113FACE006AB678 /* oxy.png */ = {isa = PBXFileReference; lastKnownFileType = image.png; path = oxy.png; sourceTree = "<group>"; };
		0A87562A1113FB0A006AB678 /* GCCreditsController.h */ = {isa = PBXFileReference; fileEncoding = 4; lastKnownFileType = sourcecode.c.h; path = GCCreditsController.h; sourceTree = "<group>"; };
		0A87562B1113FB0A006AB678 /* GCCreditsController.m */ = {isa = PBXFileReference; fileEncoding = 4; lastKnownFileType = sourcecode.c.objc; path = GCCreditsController.m; sourceTree = "<group>"; };
		0A87563511140191006AB678 /* GCGame.h */ = {isa = PBXFileReference; fileEncoding = 4; lastKnownFileType = sourcecode.c.h; path = GCGame.h; sourceTree = "<group>"; };
		0A87563611140191006AB678 /* GCGame.m */ = {isa = PBXFileReference; fileEncoding = 4; lastKnownFileType = sourcecode.c.objc; path = GCGame.m; sourceTree = "<group>"; };
		0A87568A111411F3006AB678 /* GCConnectFour.h */ = {isa = PBXFileReference; fileEncoding = 4; lastKnownFileType = sourcecode.c.h; path = GCConnectFour.h; sourceTree = "<group>"; };
		0A87568B111411F3006AB678 /* GCConnectFour.m */ = {isa = PBXFileReference; fileEncoding = 4; lastKnownFileType = sourcecode.c.objc; path = GCConnectFour.m; sourceTree = "<group>"; };
		0A8756B5111415BE006AB678 /* GCGameMenuController.h */ = {isa = PBXFileReference; fileEncoding = 4; lastKnownFileType = sourcecode.c.h; path = GCGameMenuController.h; sourceTree = "<group>"; };
		0A8756B6111415BE006AB678 /* GCGameMenuController.m */ = {isa = PBXFileReference; fileEncoding = 4; lastKnownFileType = sourcecode.c.objc; path = GCGameMenuController.m; sourceTree = "<group>"; };
		0A87575611142585006AB678 /* GCPlayerChangeController.h */ = {isa = PBXFileReference; fileEncoding = 4; lastKnownFileType = sourcecode.c.h; path = GCPlayerChangeController.h; sourceTree = "<group>"; };
		0A87575711142585006AB678 /* GCPlayerChangeController.m */ = {isa = PBXFileReference; fileEncoding = 4; lastKnownFileType = sourcecode.c.objc; path = GCPlayerChangeController.m; sourceTree = "<group>"; };
		0A87575B111425A2006AB678 /* PlayerChanger.xib */ = {isa = PBXFileReference; lastKnownFileType = file.xib; path = PlayerChanger.xib; sourceTree = "<group>"; };
		1D30AB110D05D00D00671497 /* Foundation.framework */ = {isa = PBXFileReference; lastKnownFileType = wrapper.framework; name = Foundation.framework; path = System/Library/Frameworks/Foundation.framework; sourceTree = SDKROOT; };
		1D3623240D0F684500981E51 /* GamesmanMobileAppDelegate.h */ = {isa = PBXFileReference; fileEncoding = 4; lastKnownFileType = sourcecode.c.h; path = GamesmanMobileAppDelegate.h; sourceTree = "<group>"; };
		1D3623250D0F684500981E51 /* GamesmanMobileAppDelegate.m */ = {isa = PBXFileReference; fileEncoding = 4; lastKnownFileType = sourcecode.c.objc; path = GamesmanMobileAppDelegate.m; sourceTree = "<group>"; };
		1D6058910D05DD3D006BFB54 /* GamesmanMobile.app */ = {isa = PBXFileReference; explicitFileType = wrapper.application; includeInIndex = 0; path = GamesmanMobile.app; sourceTree = BUILT_PRODUCTS_DIR; };
		1DF5F4DF0D08C38300B7A737 /* UIKit.framework */ = {isa = PBXFileReference; lastKnownFileType = wrapper.framework; name = UIKit.framework; path = System/Library/Frameworks/UIKit.framework; sourceTree = SDKROOT; };
		288765FC0DF74451002DB57D /* CoreGraphics.framework */ = {isa = PBXFileReference; lastKnownFileType = wrapper.framework; name = CoreGraphics.framework; path = System/Library/Frameworks/CoreGraphics.framework; sourceTree = SDKROOT; };
		28AD733E0D9D9553002E5188 /* MainWindow.xib */ = {isa = PBXFileReference; lastKnownFileType = file.xib; path = MainWindow.xib; sourceTree = "<group>"; };
		29B97316FDCFA39411CA2CEA /* main.m */ = {isa = PBXFileReference; fileEncoding = 4; lastKnownFileType = sourcecode.c.objc; path = main.m; sourceTree = "<group>"; };
		32CA4F630368D1EE00C91783 /* GamesmanMobile_Prefix.pch */ = {isa = PBXFileReference; fileEncoding = 4; lastKnownFileType = sourcecode.c.h; path = GamesmanMobile_Prefix.pch; sourceTree = "<group>"; };
		8D1107310486CEB800E47090 /* GamesmanMobile-Info.plist */ = {isa = PBXFileReference; fileEncoding = 4; lastKnownFileType = text.plist.xml; path = "GamesmanMobile-Info.plist"; plistStructureDefinitionIdentifier = "com.apple.xcode.plist.structure-definition.iphone.info-plist"; sourceTree = "<group>"; };
/* End PBXFileReference section */

/* Begin PBXFrameworksBuildPhase section */
		1D60588F0D05DD3D006BFB54 /* Frameworks */ = {
			isa = PBXFrameworksBuildPhase;
			buildActionMask = 2147483647;
			files = (
				1D60589F0D05DD5A006BFB54 /* Foundation.framework in Frameworks */,
				1DF5F4E00D08C38300B7A737 /* UIKit.framework in Frameworks */,
				288765FD0DF74451002DB57D /* CoreGraphics.framework in Frameworks */,
			);
			runOnlyForDeploymentPostprocessing = 0;
		};
/* End PBXFrameworksBuildPhase section */

/* Begin PBXGroup section */
		080E96DDFE201D6D7F000001 /* Classes */ = {
			isa = PBXGroup;
			children = (
				0A12AC671115821B00297EB8 /* Protocols */,
				0A12AB8C1115771600297EB8 /* ConnectFour */,
				0A19F18C11260A4F0003F8C7 /* Connections */,
				0A65E635111CCFD6001400F6 /* Y */,
				0A87563511140191006AB678 /* GCGame.h */,
				0A87563611140191006AB678 /* GCGame.m */,
				1D3623240D0F684500981E51 /* GamesmanMobileAppDelegate.h */,
				1D3623250D0F684500981E51 /* GamesmanMobileAppDelegate.m */,
				0A87560F1113FA3E006AB678 /* GCAboutController.h */,
				0A8756101113FA3E006AB678 /* GCAboutController.m */,
				0A87562A1113FB0A006AB678 /* GCCreditsController.h */,
				0A87562B1113FB0A006AB678 /* GCCreditsController.m */,
				0A30802D1123DF6600BD4B8E /* GCGameController.h */,
				0A30802E1123DF6600BD4B8E /* GCGameController.m */,
				0A8755F71113F8CE006AB678 /* GCGameListController.h */,
				0A8755F81113F8CE006AB678 /* GCGameListController.m */,
				0A8756B5111415BE006AB678 /* GCGameMenuController.h */,
				0A8756B6111415BE006AB678 /* GCGameMenuController.m */,
				0A65E6E1111CE375001400F6 /* GCGameOptionsController.h */,
				0A65E6E2111CE375001400F6 /* GCGameOptionsController.m */,
				0A65E693111CDEDA001400F6 /* GCGameViewController.h */,
				0A65E694111CDEDA001400F6 /* GCGameViewController.m */,
				0A87575611142585006AB678 /* GCPlayerChangeController.h */,
				0A87575711142585006AB678 /* GCPlayerChangeController.m */,
			);
			path = Classes;
			sourceTree = "<group>";
		};
		0A12AB8C1115771600297EB8 /* ConnectFour */ = {
			isa = PBXGroup;
			children = (
				0A87568A111411F3006AB678 /* GCConnectFour.h */,
				0A87568B111411F3006AB678 /* GCConnectFour.m */,
				0A12AB821115770C00297EB8 /* GCConnectFourOptionMenu.h */,
				0A12AB831115770C00297EB8 /* GCConnectFourOptionMenu.m */,
				0A65E713111CE538001400F6 /* GCConnectFourViewController.h */,
				0A65E714111CE538001400F6 /* GCConnectFourViewController.m */,
			);
			name = ConnectFour;
			sourceTree = "<group>";
		};
		0A12AC671115821B00297EB8 /* Protocols */ = {
			isa = PBXGroup;
			children = (
				0A12ABD211157C7300297EB8 /* GCOptionMenu.h */,
				0A12ABE011157CDA00297EB8 /* GCRulesDelegate.h */,
			);
			name = Protocols;
			sourceTree = "<group>";
		};
		0A19F18C11260A4F0003F8C7 /* Connections */ = {
			isa = PBXGroup;
			children = (
				0A19F19A11260B2E0003F8C7 /* GCConnections.h */,
				0A19F19B11260B2E0003F8C7 /* GCConnections.m */,
				0A19F1AF11260E4F0003F8C7 /* GCConnectionsOptionMenu.h */,
				0A19F1B011260E4F0003F8C7 /* GCConnectionsOptionMenu.m */,
				0A0481E8113218D300156CFF /* GCConnectionsViewController.h */,
				0A0481E9113218D300156CFF /* GCConnectionsViewController.m */,
			);
			name = Connections;
			sourceTree = "<group>";
		};
		0A3292BB11323B49006066E5 /* ConnectFour */ = {
			isa = PBXGroup;
			children = (
				0A307FED1123D4CC00BD4B8E /* C4Grid.png */,
				0A307FF21123D64000BD4B8E /* C4GridTopClear.png */,
				0A307FFC1123D7AB00BD4B8E /* C4O.png */,
				0A307FFE1123D7B000BD4B8E /* C4X.png */,
			);
			name = ConnectFour;
			sourceTree = "<group>";
		};
		0A3292D111323D64006066E5 /* Connections */ = {
			isa = PBXGroup;
			children = (
				0A3292EC11323FF3006066E5 /* ConO.png */,
				0A3292ED11323FF3006066E5 /* ConX.png */,
			);
			name = Connections;
			sourceTree = "<group>";
		};
		0A65E635111CCFD6001400F6 /* Y */ = {
			isa = PBXGroup;
			children = (
				0A65E636111CCFFC001400F6 /* GCYGame.h */,
				0A65E637111CCFFC001400F6 /* GCYGame.m */,
				0A65E65C111CD5DD001400F6 /* GCYOptionMenu.h */,
				0A65E65D111CD5DD001400F6 /* GCYOptionMenu.m */,
			);
			name = Y;
			sourceTree = "<group>";
		};
		0A8756021113F9B7006AB678 /* Images */ = {
			isa = PBXGroup;
			children = (
				0A3292BB11323B49006066E5 /* ConnectFour */,
				0A3292D111323D64006066E5 /* Connections */,
				0A87561E1113FA9D006AB678 /* About.png */,
				0A65E6D6111CE1E7001400F6 /* Back.png */,
				0A8756261113FACE006AB678 /* oxy.png */,
				0A85D25B112E6E58007D2C3C /* Pause.png */,
				0A8756031113F9C6006AB678 /* Play.png */,
				0A85D25F112E6E86007D2C3C /* Resume.png */,
				0A85D288112E7561007D2C3C /* Settings.png */,
			);
			name = Images;
			sourceTree = "<group>";
		};
		19C28FACFE9D520D11CA2CBB /* Products */ = {
			isa = PBXGroup;
			children = (
				1D6058910D05DD3D006BFB54 /* GamesmanMobile.app */,
			);
			name = Products;
			sourceTree = "<group>";
		};
		29B97314FDCFA39411CA2CEA /* CustomTemplate */ = {
			isa = PBXGroup;
			children = (
				080E96DDFE201D6D7F000001 /* Classes */,
				29B97315FDCFA39411CA2CEA /* Other Sources */,
				29B97317FDCFA39411CA2CEA /* Resources-iPhone */,
				29B97323FDCFA39411CA2CEA /* Frameworks */,
				19C28FACFE9D520D11CA2CBB /* Products */,
			);
			name = CustomTemplate;
			sourceTree = "<group>";
		};
		29B97315FDCFA39411CA2CEA /* Other Sources */ = {
			isa = PBXGroup;
			children = (
				32CA4F630368D1EE00C91783 /* GamesmanMobile_Prefix.pch */,
				29B97316FDCFA39411CA2CEA /* main.m */,
			);
			name = "Other Sources";
			sourceTree = "<group>";
		};
		29B97317FDCFA39411CA2CEA /* Resources-iPhone */ = {
			isa = PBXGroup;
			children = (
				0A8756021113F9B7006AB678 /* Images */,
				0A8756221113FABB006AB678 /* About.xib */,
				0A65E696111CDF06001400F6 /* GameView.xib */,
				28AD733E0D9D9553002E5188 /* MainWindow.xib */,
				0A87575B111425A2006AB678 /* PlayerChanger.xib */,
				8D1107310486CEB800E47090 /* GamesmanMobile-Info.plist */,
			);
			name = "Resources-iPhone";
			sourceTree = "<group>";
		};
		29B97323FDCFA39411CA2CEA /* Frameworks */ = {
			isa = PBXGroup;
			children = (
				1DF5F4DF0D08C38300B7A737 /* UIKit.framework */,
				1D30AB110D05D00D00671497 /* Foundation.framework */,
				288765FC0DF74451002DB57D /* CoreGraphics.framework */,
			);
			name = Frameworks;
			sourceTree = "<group>";
		};
/* End PBXGroup section */

/* Begin PBXNativeTarget section */
		1D6058900D05DD3D006BFB54 /* GamesmanMobile */ = {
			isa = PBXNativeTarget;
			buildConfigurationList = 1D6058960D05DD3E006BFB54 /* Build configuration list for PBXNativeTarget "GamesmanMobile" */;
			buildPhases = (
				1D60588D0D05DD3D006BFB54 /* Resources */,
				1D60588E0D05DD3D006BFB54 /* Sources */,
				1D60588F0D05DD3D006BFB54 /* Frameworks */,
			);
			buildRules = (
			);
			dependencies = (
			);
			name = GamesmanMobile;
			productName = GamesmanMobile;
			productReference = 1D6058910D05DD3D006BFB54 /* GamesmanMobile.app */;
			productType = "com.apple.product-type.application";
		};
/* End PBXNativeTarget section */

/* Begin PBXProject section */
		29B97313FDCFA39411CA2CEA /* Project object */ = {
			isa = PBXProject;
			attributes = {
				ORGANIZATIONNAME = GamesCrafters;
			};
			buildConfigurationList = C01FCF4E08A954540054247B /* Build configuration list for PBXProject "GamesmanMobile" */;
			compatibilityVersion = "Xcode 3.1";
			hasScannedForEncodings = 1;
			mainGroup = 29B97314FDCFA39411CA2CEA /* CustomTemplate */;
			projectDirPath = "";
			projectRoot = "";
			targets = (
				1D6058900D05DD3D006BFB54 /* GamesmanMobile */,
			);
		};
/* End PBXProject section */

/* Begin PBXResourcesBuildPhase section */
		1D60588D0D05DD3D006BFB54 /* Resources */ = {
			isa = PBXResourcesBuildPhase;
			buildActionMask = 2147483647;
			files = (
				28AD733F0D9D9553002E5188 /* MainWindow.xib in Resources */,
				0A8756041113F9C6006AB678 /* Play.png in Resources */,
				0A87561F1113FA9D006AB678 /* About.png in Resources */,
				0A8756231113FABB006AB678 /* About.xib in Resources */,
				0A8756271113FACE006AB678 /* oxy.png in Resources */,
				0A87575C111425A2006AB678 /* PlayerChanger.xib in Resources */,
				0A65E697111CDF06001400F6 /* GameView.xib in Resources */,
				0A65E6D7111CE1E7001400F6 /* Back.png in Resources */,
				0A307FEE1123D4CC00BD4B8E /* C4Grid.png in Resources */,
				0A307FF31123D64000BD4B8E /* C4GridTopClear.png in Resources */,
				0A307FFD1123D7AB00BD4B8E /* C4O.png in Resources */,
				0A307FFF1123D7B000BD4B8E /* C4X.png in Resources */,
				0A85D25D112E6E58007D2C3C /* Pause.png in Resources */,
				0A85D260112E6E86007D2C3C /* Resume.png in Resources */,
				0A85D289112E7561007D2C3C /* Settings.png in Resources */,
				0A3292EE11323FF3006066E5 /* ConO.png in Resources */,
				0A3292EF11323FF3006066E5 /* ConX.png in Resources */,
			);
			runOnlyForDeploymentPostprocessing = 0;
		};
/* End PBXResourcesBuildPhase section */

/* Begin PBXSourcesBuildPhase section */
		1D60588E0D05DD3D006BFB54 /* Sources */ = {
			isa = PBXSourcesBuildPhase;
			buildActionMask = 2147483647;
			files = (
				1D60589B0D05DD56006BFB54 /* main.m in Sources */,
				1D3623260D0F684500981E51 /* GamesmanMobileAppDelegate.m in Sources */,
				0A8755F91113F8CE006AB678 /* GCGameListController.m in Sources */,
				0A8756111113FA3E006AB678 /* GCAboutController.m in Sources */,
				0A87562C1113FB0A006AB678 /* GCCreditsController.m in Sources */,
				0A87563711140191006AB678 /* GCGame.m in Sources */,
				0A87568C111411F3006AB678 /* GCConnectFour.m in Sources */,
				0A8756B7111415BE006AB678 /* GCGameMenuController.m in Sources */,
				0A87575811142585006AB678 /* GCPlayerChangeController.m in Sources */,
				0A12AB841115770C00297EB8 /* GCConnectFourOptionMenu.m in Sources */,
				0A65E638111CCFFC001400F6 /* GCYGame.m in Sources */,
				0A65E65E111CD5DD001400F6 /* GCYOptionMenu.m in Sources */,
				0A65E695111CDEDA001400F6 /* GCGameViewController.m in Sources */,
				0A65E6E3111CE375001400F6 /* GCGameOptionsController.m in Sources */,
				0A65E715111CE538001400F6 /* GCConnectFourViewController.m in Sources */,
				0A30802F1123DF6600BD4B8E /* GCGameController.m in Sources */,
				0A19F19C11260B2E0003F8C7 /* GCConnections.m in Sources */,
				0A19F1B111260E4F0003F8C7 /* GCConnectionsOptionMenu.m in Sources */,
				0A0481EA113218D300156CFF /* GCConnectionsViewController.m in Sources */,
			);
			runOnlyForDeploymentPostprocessing = 0;
		};
/* End PBXSourcesBuildPhase section */

/* Begin XCBuildConfiguration section */
		1D6058940D05DD3E006BFB54 /* Debug */ = {
			isa = XCBuildConfiguration;
			buildSettings = {
				ALWAYS_SEARCH_USER_PATHS = NO;
				COPY_PHASE_STRIP = NO;
				GCC_DYNAMIC_NO_PIC = NO;
				GCC_OPTIMIZATION_LEVEL = 0;
				GCC_PRECOMPILE_PREFIX_HEADER = YES;
				GCC_PREFIX_HEADER = GamesmanMobile_Prefix.pch;
				INFOPLIST_FILE = "GamesmanMobile-Info.plist";
				PRODUCT_NAME = GamesmanMobile;
			};
			name = Debug;
		};
		1D6058950D05DD3E006BFB54 /* Release */ = {
			isa = XCBuildConfiguration;
			buildSettings = {
				ALWAYS_SEARCH_USER_PATHS = NO;
				COPY_PHASE_STRIP = YES;
				GCC_PRECOMPILE_PREFIX_HEADER = YES;
				GCC_PREFIX_HEADER = GamesmanMobile_Prefix.pch;
				INFOPLIST_FILE = "GamesmanMobile-Info.plist";
				PRODUCT_NAME = GamesmanMobile;
				VALIDATE_PRODUCT = YES;
			};
			name = Release;
		};
		C01FCF4F08A954540054247B /* Debug */ = {
			isa = XCBuildConfiguration;
			buildSettings = {
				ARCHS = "$(ARCHS_STANDARD_32_BIT)";
				"CODE_SIGN_IDENTITY[sdk=iphoneos*]" = "iPhone Developer";
				GCC_C_LANGUAGE_STANDARD = c99;
				GCC_WARN_ABOUT_RETURN_TYPE = YES;
				GCC_WARN_UNUSED_VARIABLE = YES;
				PREBINDING = NO;
				SDKROOT = iphoneos3.1.2;
			};
			name = Debug;
		};
		C01FCF5008A954540054247B /* Release */ = {
			isa = XCBuildConfiguration;
			buildSettings = {
				ARCHS = "$(ARCHS_STANDARD_32_BIT)";
				"CODE_SIGN_IDENTITY[sdk=iphoneos*]" = "iPhone Developer";
				GCC_C_LANGUAGE_STANDARD = c99;
				GCC_WARN_ABOUT_RETURN_TYPE = YES;
				GCC_WARN_UNUSED_VARIABLE = YES;
				PREBINDING = NO;
				SDKROOT = iphoneos3.2;
			};
			name = Release;
		};
/* End XCBuildConfiguration section */

/* Begin XCConfigurationList section */
		1D6058960D05DD3E006BFB54 /* Build configuration list for PBXNativeTarget "GamesmanMobile" */ = {
			isa = XCConfigurationList;
			buildConfigurations = (
				1D6058940D05DD3E006BFB54 /* Debug */,
				1D6058950D05DD3E006BFB54 /* Release */,
			);
			defaultConfigurationIsVisible = 0;
			defaultConfigurationName = Release;
		};
		C01FCF4E08A954540054247B /* Build configuration list for PBXProject "GamesmanMobile" */ = {
			isa = XCConfigurationList;
			buildConfigurations = (
				C01FCF4F08A954540054247B /* Debug */,
				C01FCF5008A954540054247B /* Release */,
			);
			defaultConfigurationIsVisible = 0;
			defaultConfigurationName = Release;
		};
/* End XCConfigurationList section */
	};
	rootObject = 29B97313FDCFA39411CA2CEA /* Project object */;
}
