// !$*UTF8*$!
{
	archiveVersion = 1;
	classes = {
	};
	objectVersion = 45;
	objects = {

/* Begin PBXBuildFile section */
		0A0481EA113218D300156CFF /* GCConnectionsViewController.m in Sources */ = {isa = PBXBuildFile; fileRef = 0A0481E9113218D300156CFF /* GCConnectionsViewController.m */; };
		0A12AB841115770C00297EB8 /* GCConnectFourOptionMenu.m in Sources */ = {isa = PBXBuildFile; fileRef = 0A12AB831115770C00297EB8 /* GCConnectFourOptionMenu.m */; };
		0A19F19C11260B2E0003F8C7 /* GCConnections.m in Sources */ = {isa = PBXBuildFile; fileRef = 0A19F19B11260B2E0003F8C7 /* GCConnections.m */; };
		0A19F1B111260E4F0003F8C7 /* GCConnectionsOptionMenu.m in Sources */ = {isa = PBXBuildFile; fileRef = 0A19F1B011260E4F0003F8C7 /* GCConnectionsOptionMenu.m */; };
		0A1ABC2E1135BD3300BA1B81 /* NSObject+SBJSON.m in Sources */ = {isa = PBXBuildFile; fileRef = 0A1ABC231135BD3300BA1B81 /* NSObject+SBJSON.m */; };
		0A1ABC2F1135BD3300BA1B81 /* NSString+SBJSON.m in Sources */ = {isa = PBXBuildFile; fileRef = 0A1ABC251135BD3300BA1B81 /* NSString+SBJSON.m */; };
		0A1ABC301135BD3300BA1B81 /* SBJSON.m in Sources */ = {isa = PBXBuildFile; fileRef = 0A1ABC271135BD3300BA1B81 /* SBJSON.m */; };
		0A1ABC311135BD3300BA1B81 /* SBJsonBase.m in Sources */ = {isa = PBXBuildFile; fileRef = 0A1ABC291135BD3300BA1B81 /* SBJsonBase.m */; };
		0A1ABC321135BD3300BA1B81 /* SBJsonParser.m in Sources */ = {isa = PBXBuildFile; fileRef = 0A1ABC2B1135BD3300BA1B81 /* SBJsonParser.m */; };
		0A1ABC331135BD3300BA1B81 /* SBJsonWriter.m in Sources */ = {isa = PBXBuildFile; fileRef = 0A1ABC2D1135BD3300BA1B81 /* SBJsonWriter.m */; };
		0A22EDD4118F79A0006855AE /* ConOBar.png in Resources */ = {isa = PBXBuildFile; fileRef = 0A22EDD2118F79A0006855AE /* ConOBar.png */; };
		0A22EDD5118F79A0006855AE /* ConXBar.png in Resources */ = {isa = PBXBuildFile; fileRef = 0A22EDD3118F79A0006855AE /* ConXBar.png */; };
		0A307FF31123D64000BD4B8E /* C4GridTopClear.png in Resources */ = {isa = PBXBuildFile; fileRef = 0A307FF21123D64000BD4B8E /* C4GridTopClear.png */; };
		0A30802F1123DF6600BD4B8E /* GCGameController.m in Sources */ = {isa = PBXBuildFile; fileRef = 0A30802E1123DF6600BD4B8E /* GCGameController.m */; };
		0A3292EE11323FF3006066E5 /* ConO.png in Resources */ = {isa = PBXBuildFile; fileRef = 0A3292EC11323FF3006066E5 /* ConO.png */; };
		0A3292EF11323FF3006066E5 /* ConX.png in Resources */ = {isa = PBXBuildFile; fileRef = 0A3292ED11323FF3006066E5 /* ConX.png */; };
		0A33F7C01196292D0062B418 /* ConGreenH.png in Resources */ = {isa = PBXBuildFile; fileRef = 0A33F7BF1196292D0062B418 /* ConGreenH.png */; };
		0A33F7C31196297E0062B418 /* ConRedH.png in Resources */ = {isa = PBXBuildFile; fileRef = 0A33F7C11196297E0062B418 /* ConRedH.png */; };
		0A33F7C41196297E0062B418 /* ConYellowH.png in Resources */ = {isa = PBXBuildFile; fileRef = 0A33F7C21196297E0062B418 /* ConYellowH.png */; };
		0A33F7C8119629F00062B418 /* ConGreenV.png in Resources */ = {isa = PBXBuildFile; fileRef = 0A33F7C5119629F00062B418 /* ConGreenV.png */; };
		0A33F7C9119629F00062B418 /* ConRedV.png in Resources */ = {isa = PBXBuildFile; fileRef = 0A33F7C6119629F00062B418 /* ConRedV.png */; };
		0A33F7CA119629F00062B418 /* ConYellowV.png in Resources */ = {isa = PBXBuildFile; fileRef = 0A33F7C7119629F00062B418 /* ConYellowV.png */; };
		0A65E638111CCFFC001400F6 /* GCYGame.m in Sources */ = {isa = PBXBuildFile; fileRef = 0A65E637111CCFFC001400F6 /* GCYGame.m */; };
		0A65E65E111CD5DD001400F6 /* GCYOptionMenu.m in Sources */ = {isa = PBXBuildFile; fileRef = 0A65E65D111CD5DD001400F6 /* GCYOptionMenu.m */; };
		0A65E695111CDEDA001400F6 /* GCGameViewController.m in Sources */ = {isa = PBXBuildFile; fileRef = 0A65E694111CDEDA001400F6 /* GCGameViewController.m */; };
		0A65E697111CDF06001400F6 /* GameView.xib in Resources */ = {isa = PBXBuildFile; fileRef = 0A65E696111CDF06001400F6 /* GameView.xib */; };
		0A65E6D7111CE1E7001400F6 /* Back.png in Resources */ = {isa = PBXBuildFile; fileRef = 0A65E6D6111CE1E7001400F6 /* Back.png */; };
		0A65E6E3111CE375001400F6 /* GCGameOptionsController.m in Sources */ = {isa = PBXBuildFile; fileRef = 0A65E6E2111CE375001400F6 /* GCGameOptionsController.m */; };
		0A65E715111CE538001400F6 /* GCConnectFourViewController.m in Sources */ = {isa = PBXBuildFile; fileRef = 0A65E714111CE538001400F6 /* GCConnectFourViewController.m */; };
		0A699F45114256DA00ED7B5D /* C4GridTopGreen.png in Resources */ = {isa = PBXBuildFile; fileRef = 0A699F42114256DA00ED7B5D /* C4GridTopGreen.png */; };
		0A699F46114256DA00ED7B5D /* C4GridTopRed.png in Resources */ = {isa = PBXBuildFile; fileRef = 0A699F43114256DA00ED7B5D /* C4GridTopRed.png */; };
		0A699F47114256DA00ED7B5D /* C4GridTopYellow.png in Resources */ = {isa = PBXBuildFile; fileRef = 0A699F44114256DA00ED7B5D /* C4GridTopYellow.png */; };
		0A700AA811D6D965003007A0 /* GCVVHViewController.m in Sources */ = {isa = PBXBuildFile; fileRef = 0A700AA711D6D965003007A0 /* GCVVHViewController.m */; };
		0A85D25D112E6E58007D2C3C /* Pause.png in Resources */ = {isa = PBXBuildFile; fileRef = 0A85D25B112E6E58007D2C3C /* Pause.png */; };
		0A85D260112E6E86007D2C3C /* Resume.png in Resources */ = {isa = PBXBuildFile; fileRef = 0A85D25F112E6E86007D2C3C /* Resume.png */; };
		0A85D289112E7561007D2C3C /* Settings.png in Resources */ = {isa = PBXBuildFile; fileRef = 0A85D288112E7561007D2C3C /* Settings.png */; };
		0A8755F91113F8CE006AB678 /* GCGameListController.m in Sources */ = {isa = PBXBuildFile; fileRef = 0A8755F81113F8CE006AB678 /* GCGameListController.m */; };
		0A8756041113F9C6006AB678 /* Play.png in Resources */ = {isa = PBXBuildFile; fileRef = 0A8756031113F9C6006AB678 /* Play.png */; };
		0A8756111113FA3E006AB678 /* GCAboutController.m in Sources */ = {isa = PBXBuildFile; fileRef = 0A8756101113FA3E006AB678 /* GCAboutController.m */; };
		0A87561F1113FA9D006AB678 /* About.png in Resources */ = {isa = PBXBuildFile; fileRef = 0A87561E1113FA9D006AB678 /* About.png */; };
		0A8756231113FABB006AB678 /* About.xib in Resources */ = {isa = PBXBuildFile; fileRef = 0A8756221113FABB006AB678 /* About.xib */; };
		0A8756271113FACE006AB678 /* oxy.png in Resources */ = {isa = PBXBuildFile; fileRef = 0A8756261113FACE006AB678 /* oxy.png */; };
		0A87562C1113FB0A006AB678 /* GCCreditsController.m in Sources */ = {isa = PBXBuildFile; fileRef = 0A87562B1113FB0A006AB678 /* GCCreditsController.m */; };
		0A87563711140191006AB678 /* GCGame.m in Sources */ = {isa = PBXBuildFile; fileRef = 0A87563611140191006AB678 /* GCGame.m */; };
		0A87568C111411F3006AB678 /* GCConnectFour.m in Sources */ = {isa = PBXBuildFile; fileRef = 0A87568B111411F3006AB678 /* GCConnectFour.m */; };
		0A8756B7111415BE006AB678 /* GCGameMenuController.m in Sources */ = {isa = PBXBuildFile; fileRef = 0A8756B6111415BE006AB678 /* GCGameMenuController.m */; };
		0A87575811142585006AB678 /* GCPlayerChangeController.m in Sources */ = {isa = PBXBuildFile; fileRef = 0A87575711142585006AB678 /* GCPlayerChangeController.m */; };
		0A87575C111425A2006AB678 /* PlayerChanger.xib in Resources */ = {isa = PBXBuildFile; fileRef = 0A87575B111425A2006AB678 /* PlayerChanger.xib */; };
		0A98CC0C11C0AC34008D01AE /* C4O.png in Resources */ = {isa = PBXBuildFile; fileRef = 0A98CC0B11C0AC34008D01AE /* C4O.png */; };
		0A98CC1611C0ADB4008D01AE /* C4X.png in Resources */ = {isa = PBXBuildFile; fileRef = 0A98CC1511C0ADB4008D01AE /* C4X.png */; };
		0AB775A211D7103C00B04135 /* GCVVHView.m in Sources */ = {isa = PBXBuildFile; fileRef = 0AB775A111D7103C00B04135 /* GCVVHView.m */; };
		0AD633E611951C7A00526842 /* C4Grid.png in Resources */ = {isa = PBXBuildFile; fileRef = 0AD633E511951C7A00526842 /* C4Grid.png */; };
		0AFC30BF11841E3A005CD671 /* GCJSONService.m in Sources */ = {isa = PBXBuildFile; fileRef = 0AFC30BE11841E3A005CD671 /* GCJSONService.m */; };
		1D3623260D0F684500981E51 /* GamesmanMobileAppDelegate.m in Sources */ = {isa = PBXBuildFile; fileRef = 1D3623250D0F684500981E51 /* GamesmanMobileAppDelegate.m */; };
		1D60589B0D05DD56006BFB54 /* main.m in Sources */ = {isa = PBXBuildFile; fileRef = 29B97316FDCFA39411CA2CEA /* main.m */; };
		1D60589F0D05DD5A006BFB54 /* Foundation.framework in Frameworks */ = {isa = PBXBuildFile; fileRef = 1D30AB110D05D00D00671497 /* Foundation.framework */; };
		1DF5F4E00D08C38300B7A737 /* UIKit.framework in Frameworks */ = {isa = PBXBuildFile; fileRef = 1DF5F4DF0D08C38300B7A737 /* UIKit.framework */; };
		288765FD0DF74451002DB57D /* CoreGraphics.framework in Frameworks */ = {isa = PBXBuildFile; fileRef = 288765FC0DF74451002DB57D /* CoreGraphics.framework */; };
		28AD733F0D9D9553002E5188 /* MainWindow.xib in Resources */ = {isa = PBXBuildFile; fileRef = 28AD733E0D9D9553002E5188 /* MainWindow.xib */; };
		9C692486115017B800E0EC4B /* IntegerQueue.m in Sources */ = {isa = PBXBuildFile; fileRef = 9C692485115017B800E0EC4B /* IntegerQueue.m */; };
		C58F0D7511447A2A0058D6CE /* GCYBoardView0.xib in Resources */ = {isa = PBXBuildFile; fileRef = C58F0D7411447A2A0058D6CE /* GCYBoardView0.xib */; };
		C58F0D7B114482CB0058D6CE /* GCYBoardView1.xib in Resources */ = {isa = PBXBuildFile; fileRef = C58F0D7A114482CB0058D6CE /* GCYBoardView1.xib */; };
		C58F0D7F114484290058D6CE /* yboard.gif in Resources */ = {isa = PBXBuildFile; fileRef = C58F0D7E114484290058D6CE /* yboard.gif */; };
		C58F0D851144871B0058D6CE /* GCYGameViewController.m in Sources */ = {isa = PBXBuildFile; fileRef = C58F0D841144871B0058D6CE /* GCYGameViewController.m */; };
		E423EBE9118A14F000360BDF /* GCYBoardView.m in Sources */ = {isa = PBXBuildFile; fileRef = E423EBE8118A14F000360BDF /* GCYBoardView.m */; };
		E423EBEC118A15EC00360BDF /* GCYBoardConnectionsView.m in Sources */ = {isa = PBXBuildFile; fileRef = E423EBEB118A15EC00360BDF /* GCYBoardConnectionsView.m */; };
		E485E2621177BDBF002B7F15 /* YGameQueue.m in Sources */ = {isa = PBXBuildFile; fileRef = E485E2611177BDBF002B7F15 /* YGameQueue.m */; };
		E49B7265119DD1CE002D72FE /* GCYGamePiece.m in Sources */ = {isa = PBXBuildFile; fileRef = E49B7264119DD1CE002D72FE /* GCYGamePiece.m */; };
		E4F6D8BC11716AE900BEAB78 /* yboard0aa.png in Resources */ = {isa = PBXBuildFile; fileRef = E4F6D8B911716AE900BEAB78 /* yboard0aa.png */; };
		E4F6D8BD11716AE900BEAB78 /* yboard1aa.png in Resources */ = {isa = PBXBuildFile; fileRef = E4F6D8BA11716AE900BEAB78 /* yboard1aa.png */; };
		E4F6D8BE11716AE900BEAB78 /* yBoard2aa.png in Resources */ = {isa = PBXBuildFile; fileRef = E4F6D8BB11716AE900BEAB78 /* yBoard2aa.png */; };
		E4F6D8CE1171701000BEAB78 /* GCYBoardView2.xib in Resources */ = {isa = PBXBuildFile; fileRef = E4F6D8CD1171701000BEAB78 /* GCYBoardView2.xib */; };
/* End PBXBuildFile section */

/* Begin PBXFileReference section */
		0A0481E8113218D300156CFF /* GCConnectionsViewController.h */ = {isa = PBXFileReference; fileEncoding = 4; lastKnownFileType = sourcecode.c.h; path = GCConnectionsViewController.h; sourceTree = "<group>"; };
		0A0481E9113218D300156CFF /* GCConnectionsViewController.m */ = {isa = PBXFileReference; fileEncoding = 4; lastKnownFileType = sourcecode.c.objc; path = GCConnectionsViewController.m; sourceTree = "<group>"; };
		0A12AB821115770C00297EB8 /* GCConnectFourOptionMenu.h */ = {isa = PBXFileReference; fileEncoding = 4; lastKnownFileType = sourcecode.c.h; path = GCConnectFourOptionMenu.h; sourceTree = "<group>"; };
		0A12AB831115770C00297EB8 /* GCConnectFourOptionMenu.m */ = {isa = PBXFileReference; fileEncoding = 4; lastKnownFileType = sourcecode.c.objc; path = GCConnectFourOptionMenu.m; sourceTree = "<group>"; };
		0A12ABD211157C7300297EB8 /* GCOptionMenu.h */ = {isa = PBXFileReference; fileEncoding = 4; lastKnownFileType = sourcecode.c.h; path = GCOptionMenu.h; sourceTree = "<group>"; };
		0A12ABE011157CDA00297EB8 /* GCRulesDelegate.h */ = {isa = PBXFileReference; fileEncoding = 4; lastKnownFileType = sourcecode.c.h; path = GCRulesDelegate.h; sourceTree = "<group>"; };
		0A19F19A11260B2E0003F8C7 /* GCConnections.h */ = {isa = PBXFileReference; fileEncoding = 4; lastKnownFileType = sourcecode.c.h; path = GCConnections.h; sourceTree = "<group>"; };
		0A19F19B11260B2E0003F8C7 /* GCConnections.m */ = {isa = PBXFileReference; fileEncoding = 4; lastKnownFileType = sourcecode.c.objc; path = GCConnections.m; sourceTree = "<group>"; };
		0A19F1AF11260E4F0003F8C7 /* GCConnectionsOptionMenu.h */ = {isa = PBXFileReference; fileEncoding = 4; lastKnownFileType = sourcecode.c.h; path = GCConnectionsOptionMenu.h; sourceTree = "<group>"; };
		0A19F1B011260E4F0003F8C7 /* GCConnectionsOptionMenu.m */ = {isa = PBXFileReference; fileEncoding = 4; lastKnownFileType = sourcecode.c.objc; path = GCConnectionsOptionMenu.m; sourceTree = "<group>"; };
		0A1ABC211135BD3300BA1B81 /* JSON.h */ = {isa = PBXFileReference; fileEncoding = 4; lastKnownFileType = sourcecode.c.h; path = JSON.h; sourceTree = "<group>"; };
		0A1ABC221135BD3300BA1B81 /* NSObject+SBJSON.h */ = {isa = PBXFileReference; fileEncoding = 4; lastKnownFileType = sourcecode.c.h; path = "NSObject+SBJSON.h"; sourceTree = "<group>"; };
		0A1ABC231135BD3300BA1B81 /* NSObject+SBJSON.m */ = {isa = PBXFileReference; fileEncoding = 4; lastKnownFileType = sourcecode.c.objc; path = "NSObject+SBJSON.m"; sourceTree = "<group>"; };
		0A1ABC241135BD3300BA1B81 /* NSString+SBJSON.h */ = {isa = PBXFileReference; fileEncoding = 4; lastKnownFileType = sourcecode.c.h; path = "NSString+SBJSON.h"; sourceTree = "<group>"; };
		0A1ABC251135BD3300BA1B81 /* NSString+SBJSON.m */ = {isa = PBXFileReference; fileEncoding = 4; lastKnownFileType = sourcecode.c.objc; path = "NSString+SBJSON.m"; sourceTree = "<group>"; };
		0A1ABC261135BD3300BA1B81 /* SBJSON.h */ = {isa = PBXFileReference; fileEncoding = 4; lastKnownFileType = sourcecode.c.h; path = SBJSON.h; sourceTree = "<group>"; };
		0A1ABC271135BD3300BA1B81 /* SBJSON.m */ = {isa = PBXFileReference; fileEncoding = 4; lastKnownFileType = sourcecode.c.objc; path = SBJSON.m; sourceTree = "<group>"; };
		0A1ABC281135BD3300BA1B81 /* SBJsonBase.h */ = {isa = PBXFileReference; fileEncoding = 4; lastKnownFileType = sourcecode.c.h; path = SBJsonBase.h; sourceTree = "<group>"; };
		0A1ABC291135BD3300BA1B81 /* SBJsonBase.m */ = {isa = PBXFileReference; fileEncoding = 4; lastKnownFileType = sourcecode.c.objc; path = SBJsonBase.m; sourceTree = "<group>"; };
		0A1ABC2A1135BD3300BA1B81 /* SBJsonParser.h */ = {isa = PBXFileReference; fileEncoding = 4; lastKnownFileType = sourcecode.c.h; path = SBJsonParser.h; sourceTree = "<group>"; };
		0A1ABC2B1135BD3300BA1B81 /* SBJsonParser.m */ = {isa = PBXFileReference; fileEncoding = 4; lastKnownFileType = sourcecode.c.objc; path = SBJsonParser.m; sourceTree = "<group>"; };
		0A1ABC2C1135BD3300BA1B81 /* SBJsonWriter.h */ = {isa = PBXFileReference; fileEncoding = 4; lastKnownFileType = sourcecode.c.h; path = SBJsonWriter.h; sourceTree = "<group>"; };
		0A1ABC2D1135BD3300BA1B81 /* SBJsonWriter.m */ = {isa = PBXFileReference; fileEncoding = 4; lastKnownFileType = sourcecode.c.objc; path = SBJsonWriter.m; sourceTree = "<group>"; };
		0A22EDD2118F79A0006855AE /* ConOBar.png */ = {isa = PBXFileReference; lastKnownFileType = image.png; path = ConOBar.png; sourceTree = "<group>"; };
		0A22EDD3118F79A0006855AE /* ConXBar.png */ = {isa = PBXFileReference; lastKnownFileType = image.png; path = ConXBar.png; sourceTree = "<group>"; };
		0A307FF21123D64000BD4B8E /* C4GridTopClear.png */ = {isa = PBXFileReference; lastKnownFileType = image.png; path = C4GridTopClear.png; sourceTree = "<group>"; };
		0A30802D1123DF6600BD4B8E /* GCGameController.h */ = {isa = PBXFileReference; fileEncoding = 4; lastKnownFileType = sourcecode.c.h; path = GCGameController.h; sourceTree = "<group>"; };
		0A30802E1123DF6600BD4B8E /* GCGameController.m */ = {isa = PBXFileReference; fileEncoding = 4; lastKnownFileType = sourcecode.c.objc; path = GCGameController.m; sourceTree = "<group>"; };
		0A3292EC11323FF3006066E5 /* ConO.png */ = {isa = PBXFileReference; lastKnownFileType = image.png; path = ConO.png; sourceTree = "<group>"; };
		0A3292ED11323FF3006066E5 /* ConX.png */ = {isa = PBXFileReference; lastKnownFileType = image.png; path = ConX.png; sourceTree = "<group>"; };
		0A33F7BF1196292D0062B418 /* ConGreenH.png */ = {isa = PBXFileReference; lastKnownFileType = image.png; path = ConGreenH.png; sourceTree = "<group>"; };
		0A33F7C11196297E0062B418 /* ConRedH.png */ = {isa = PBXFileReference; lastKnownFileType = image.png; path = ConRedH.png; sourceTree = "<group>"; };
		0A33F7C21196297E0062B418 /* ConYellowH.png */ = {isa = PBXFileReference; lastKnownFileType = image.png; path = ConYellowH.png; sourceTree = "<group>"; };
		0A33F7C5119629F00062B418 /* ConGreenV.png */ = {isa = PBXFileReference; lastKnownFileType = image.png; path = ConGreenV.png; sourceTree = "<group>"; };
		0A33F7C6119629F00062B418 /* ConRedV.png */ = {isa = PBXFileReference; lastKnownFileType = image.png; path = ConRedV.png; sourceTree = "<group>"; };
		0A33F7C7119629F00062B418 /* ConYellowV.png */ = {isa = PBXFileReference; lastKnownFileType = image.png; path = ConYellowV.png; sourceTree = "<group>"; };
		0A65E636111CCFFC001400F6 /* GCYGame.h */ = {isa = PBXFileReference; fileEncoding = 4; lastKnownFileType = sourcecode.c.h; path = GCYGame.h; sourceTree = "<group>"; };
		0A65E637111CCFFC001400F6 /* GCYGame.m */ = {isa = PBXFileReference; fileEncoding = 4; lastKnownFileType = sourcecode.c.objc; path = GCYGame.m; sourceTree = "<group>"; };
		0A65E65C111CD5DD001400F6 /* GCYOptionMenu.h */ = {isa = PBXFileReference; fileEncoding = 4; lastKnownFileType = sourcecode.c.h; path = GCYOptionMenu.h; sourceTree = "<group>"; };
		0A65E65D111CD5DD001400F6 /* GCYOptionMenu.m */ = {isa = PBXFileReference; fileEncoding = 4; lastKnownFileType = sourcecode.c.objc; path = GCYOptionMenu.m; sourceTree = "<group>"; };
		0A65E693111CDEDA001400F6 /* GCGameViewController.h */ = {isa = PBXFileReference; fileEncoding = 4; lastKnownFileType = sourcecode.c.h; path = GCGameViewController.h; sourceTree = "<group>"; };
		0A65E694111CDEDA001400F6 /* GCGameViewController.m */ = {isa = PBXFileReference; fileEncoding = 4; lastKnownFileType = sourcecode.c.objc; path = GCGameViewController.m; sourceTree = "<group>"; };
		0A65E696111CDF06001400F6 /* GameView.xib */ = {isa = PBXFileReference; lastKnownFileType = file.xib; path = GameView.xib; sourceTree = "<group>"; };
		0A65E6D6111CE1E7001400F6 /* Back.png */ = {isa = PBXFileReference; lastKnownFileType = image.png; path = Back.png; sourceTree = "<group>"; };
		0A65E6E1111CE375001400F6 /* GCGameOptionsController.h */ = {isa = PBXFileReference; fileEncoding = 4; lastKnownFileType = sourcecode.c.h; path = GCGameOptionsController.h; sourceTree = "<group>"; };
		0A65E6E2111CE375001400F6 /* GCGameOptionsController.m */ = {isa = PBXFileReference; fileEncoding = 4; lastKnownFileType = sourcecode.c.objc; path = GCGameOptionsController.m; sourceTree = "<group>"; };
		0A65E713111CE538001400F6 /* GCConnectFourViewController.h */ = {isa = PBXFileReference; fileEncoding = 4; lastKnownFileType = sourcecode.c.h; path = GCConnectFourViewController.h; sourceTree = "<group>"; };
		0A65E714111CE538001400F6 /* GCConnectFourViewController.m */ = {isa = PBXFileReference; fileEncoding = 4; lastKnownFileType = sourcecode.c.objc; path = GCConnectFourViewController.m; sourceTree = "<group>"; };
		0A699F42114256DA00ED7B5D /* C4GridTopGreen.png */ = {isa = PBXFileReference; lastKnownFileType = image.png; path = C4GridTopGreen.png; sourceTree = "<group>"; };
		0A699F43114256DA00ED7B5D /* C4GridTopRed.png */ = {isa = PBXFileReference; lastKnownFileType = image.png; path = C4GridTopRed.png; sourceTree = "<group>"; };
		0A699F44114256DA00ED7B5D /* C4GridTopYellow.png */ = {isa = PBXFileReference; lastKnownFileType = image.png; path = C4GridTopYellow.png; sourceTree = "<group>"; };
		0A700AA611D6D965003007A0 /* GCVVHViewController.h */ = {isa = PBXFileReference; fileEncoding = 4; lastKnownFileType = sourcecode.c.h; path = GCVVHViewController.h; sourceTree = "<group>"; };
		0A700AA711D6D965003007A0 /* GCVVHViewController.m */ = {isa = PBXFileReference; fileEncoding = 4; lastKnownFileType = sourcecode.c.objc; path = GCVVHViewController.m; sourceTree = "<group>"; };
		0A85D25B112E6E58007D2C3C /* Pause.png */ = {isa = PBXFileReference; lastKnownFileType = image.png; path = Pause.png; sourceTree = "<group>"; };
		0A85D25F112E6E86007D2C3C /* Resume.png */ = {isa = PBXFileReference; lastKnownFileType = image.png; path = Resume.png; sourceTree = "<group>"; };
		0A85D288112E7561007D2C3C /* Settings.png */ = {isa = PBXFileReference; lastKnownFileType = image.png; path = Settings.png; sourceTree = "<group>"; };
		0A8755F71113F8CE006AB678 /* GCGameListController.h */ = {isa = PBXFileReference; fileEncoding = 4; lastKnownFileType = sourcecode.c.h; path = GCGameListController.h; sourceTree = "<group>"; };
		0A8755F81113F8CE006AB678 /* GCGameListController.m */ = {isa = PBXFileReference; fileEncoding = 4; lastKnownFileType = sourcecode.c.objc; path = GCGameListController.m; sourceTree = "<group>"; };
		0A8756031113F9C6006AB678 /* Play.png */ = {isa = PBXFileReference; lastKnownFileType = image.png; path = Play.png; sourceTree = "<group>"; };
		0A87560F1113FA3E006AB678 /* GCAboutController.h */ = {isa = PBXFileReference; fileEncoding = 4; lastKnownFileType = sourcecode.c.h; path = GCAboutController.h; sourceTree = "<group>"; };
		0A8756101113FA3E006AB678 /* GCAboutController.m */ = {isa = PBXFileReference; fileEncoding = 4; lastKnownFileType = sourcecode.c.objc; path = GCAboutController.m; sourceTree = "<group>"; };
		0A87561E1113FA9D006AB678 /* About.png */ = {isa = PBXFileReference; lastKnownFileType = image.png; path = About.png; sourceTree = "<group>"; };
		0A8756221113FABB006AB678 /* About.xib */ = {isa = PBXFileReference; lastKnownFileType = file.xib; path = About.xib; sourceTree = "<group>"; };
		0A8756261113FACE006AB678 /* oxy.png */ = {isa = PBXFileReference; lastKnownFileType = image.png; path = oxy.png; sourceTree = "<group>"; };
		0A87562A1113FB0A006AB678 /* GCCreditsController.h */ = {isa = PBXFileReference; fileEncoding = 4; lastKnownFileType = sourcecode.c.h; path = GCCreditsController.h; sourceTree = "<group>"; };
		0A87562B1113FB0A006AB678 /* GCCreditsController.m */ = {isa = PBXFileReference; fileEncoding = 4; lastKnownFileType = sourcecode.c.objc; path = GCCreditsController.m; sourceTree = "<group>"; };
		0A87563511140191006AB678 /* GCGame.h */ = {isa = PBXFileReference; fileEncoding = 4; lastKnownFileType = sourcecode.c.h; path = GCGame.h; sourceTree = "<group>"; };
		0A87563611140191006AB678 /* GCGame.m */ = {isa = PBXFileReference; fileEncoding = 4; lastKnownFileType = sourcecode.c.objc; path = GCGame.m; sourceTree = "<group>"; };
		0A87568A111411F3006AB678 /* GCConnectFour.h */ = {isa = PBXFileReference; fileEncoding = 4; lastKnownFileType = sourcecode.c.h; path = GCConnectFour.h; sourceTree = "<group>"; };
		0A87568B111411F3006AB678 /* GCConnectFour.m */ = {isa = PBXFileReference; fileEncoding = 4; lastKnownFileType = sourcecode.c.objc; path = GCConnectFour.m; sourceTree = "<group>"; };
		0A8756B5111415BE006AB678 /* GCGameMenuController.h */ = {isa = PBXFileReference; fileEncoding = 4; lastKnownFileType = sourcecode.c.h; path = GCGameMenuController.h; sourceTree = "<group>"; };
		0A8756B6111415BE006AB678 /* GCGameMenuController.m */ = {isa = PBXFileReference; fileEncoding = 4; lastKnownFileType = sourcecode.c.objc; path = GCGameMenuController.m; sourceTree = "<group>"; };
		0A87575611142585006AB678 /* GCPlayerChangeController.h */ = {isa = PBXFileReference; fileEncoding = 4; lastKnownFileType = sourcecode.c.h; path = GCPlayerChangeController.h; sourceTree = "<group>"; };
		0A87575711142585006AB678 /* GCPlayerChangeController.m */ = {isa = PBXFileReference; fileEncoding = 4; lastKnownFileType = sourcecode.c.objc; path = GCPlayerChangeController.m; sourceTree = "<group>"; };
		0A87575B111425A2006AB678 /* PlayerChanger.xib */ = {isa = PBXFileReference; lastKnownFileType = file.xib; path = PlayerChanger.xib; sourceTree = "<group>"; };
		0A98CC0B11C0AC34008D01AE /* C4O.png */ = {isa = PBXFileReference; lastKnownFileType = image.png; path = C4O.png; sourceTree = "<group>"; };
		0A98CC1511C0ADB4008D01AE /* C4X.png */ = {isa = PBXFileReference; lastKnownFileType = image.png; path = C4X.png; sourceTree = "<group>"; };
		0AAEC23611D7F9F800962EEA /* Entitlements.plist */ = {isa = PBXFileReference; fileEncoding = 4; lastKnownFileType = text.plist.xml; path = Entitlements.plist; sourceTree = "<group>"; };
		0AB775A011D7103C00B04135 /* GCVVHView.h */ = {isa = PBXFileReference; fileEncoding = 4; lastKnownFileType = sourcecode.c.h; path = GCVVHView.h; sourceTree = "<group>"; };
		0AB775A111D7103C00B04135 /* GCVVHView.m */ = {isa = PBXFileReference; fileEncoding = 4; lastKnownFileType = sourcecode.c.objc; path = GCVVHView.m; sourceTree = "<group>"; };
		0AD633E511951C7A00526842 /* C4Grid.png */ = {isa = PBXFileReference; lastKnownFileType = image.png; path = C4Grid.png; sourceTree = "<group>"; };
		0AFC30BD11841E3A005CD671 /* GCJSONService.h */ = {isa = PBXFileReference; fileEncoding = 4; lastKnownFileType = sourcecode.c.h; path = GCJSONService.h; sourceTree = "<group>"; };
		0AFC30BE11841E3A005CD671 /* GCJSONService.m */ = {isa = PBXFileReference; fileEncoding = 4; lastKnownFileType = sourcecode.c.objc; path = GCJSONService.m; sourceTree = "<group>"; };
		1D30AB110D05D00D00671497 /* Foundation.framework */ = {isa = PBXFileReference; lastKnownFileType = wrapper.framework; name = Foundation.framework; path = System/Library/Frameworks/Foundation.framework; sourceTree = SDKROOT; };
		1D3623240D0F684500981E51 /* GamesmanMobileAppDelegate.h */ = {isa = PBXFileReference; fileEncoding = 4; lastKnownFileType = sourcecode.c.h; path = GamesmanMobileAppDelegate.h; sourceTree = "<group>"; };
		1D3623250D0F684500981E51 /* GamesmanMobileAppDelegate.m */ = {isa = PBXFileReference; fileEncoding = 4; lastKnownFileType = sourcecode.c.objc; path = GamesmanMobileAppDelegate.m; sourceTree = "<group>"; };
		1D6058910D05DD3D006BFB54 /* GamesmanMobile.app */ = {isa = PBXFileReference; explicitFileType = wrapper.application; includeInIndex = 0; path = GamesmanMobile.app; sourceTree = BUILT_PRODUCTS_DIR; };
		1DF5F4DF0D08C38300B7A737 /* UIKit.framework */ = {isa = PBXFileReference; lastKnownFileType = wrapper.framework; name = UIKit.framework; path = System/Library/Frameworks/UIKit.framework; sourceTree = SDKROOT; };
		288765FC0DF74451002DB57D /* CoreGraphics.framework */ = {isa = PBXFileReference; lastKnownFileType = wrapper.framework; name = CoreGraphics.framework; path = System/Library/Frameworks/CoreGraphics.framework; sourceTree = SDKROOT; };
		28AD733E0D9D9553002E5188 /* MainWindow.xib */ = {isa = PBXFileReference; lastKnownFileType = file.xib; path = MainWindow.xib; sourceTree = "<group>"; };
		29B97316FDCFA39411CA2CEA /* main.m */ = {isa = PBXFileReference; fileEncoding = 4; lastKnownFileType = sourcecode.c.objc; path = main.m; sourceTree = "<group>"; };
		32CA4F630368D1EE00C91783 /* GamesmanMobile_Prefix.pch */ = {isa = PBXFileReference; fileEncoding = 4; lastKnownFileType = sourcecode.c.h; path = GamesmanMobile_Prefix.pch; sourceTree = "<group>"; };
		8D1107310486CEB800E47090 /* GamesmanMobile-Info.plist */ = {isa = PBXFileReference; fileEncoding = 4; lastKnownFileType = text.plist.xml; path = "GamesmanMobile-Info.plist"; plistStructureDefinitionIdentifier = "com.apple.xcode.plist.structure-definition.iphone.info-plist"; sourceTree = "<group>"; };
		9C692484115017B800E0EC4B /* IntegerQueue.h */ = {isa = PBXFileReference; fileEncoding = 4; lastKnownFileType = sourcecode.c.h; path = IntegerQueue.h; sourceTree = "<group>"; };
		9C692485115017B800E0EC4B /* IntegerQueue.m */ = {isa = PBXFileReference; fileEncoding = 4; lastKnownFileType = sourcecode.c.objc; path = IntegerQueue.m; sourceTree = "<group>"; };
		C58F0D7411447A2A0058D6CE /* GCYBoardView0.xib */ = {isa = PBXFileReference; lastKnownFileType = file.xib; path = GCYBoardView0.xib; sourceTree = "<group>"; };
		C58F0D7A114482CB0058D6CE /* GCYBoardView1.xib */ = {isa = PBXFileReference; lastKnownFileType = file.xib; path = GCYBoardView1.xib; sourceTree = "<group>"; };
		C58F0D7E114484290058D6CE /* yboard.gif */ = {isa = PBXFileReference; lastKnownFileType = image.gif; path = yboard.gif; sourceTree = "<group>"; };
		C58F0D831144871B0058D6CE /* GCYGameViewController.h */ = {isa = PBXFileReference; fileEncoding = 4; lastKnownFileType = sourcecode.c.h; path = GCYGameViewController.h; sourceTree = "<group>"; };
		C58F0D841144871B0058D6CE /* GCYGameViewController.m */ = {isa = PBXFileReference; fileEncoding = 4; lastKnownFileType = sourcecode.c.objc; path = GCYGameViewController.m; sourceTree = "<group>"; };
		E423EBE7118A14F000360BDF /* GCYBoardView.h */ = {isa = PBXFileReference; fileEncoding = 4; lastKnownFileType = sourcecode.c.h; path = GCYBoardView.h; sourceTree = "<group>"; };
		E423EBE8118A14F000360BDF /* GCYBoardView.m */ = {isa = PBXFileReference; fileEncoding = 4; lastKnownFileType = sourcecode.c.objc; path = GCYBoardView.m; sourceTree = "<group>"; };
		E423EBEA118A15EC00360BDF /* GCYBoardConnectionsView.h */ = {isa = PBXFileReference; fileEncoding = 4; lastKnownFileType = sourcecode.c.h; path = GCYBoardConnectionsView.h; sourceTree = "<group>"; };
		E423EBEB118A15EC00360BDF /* GCYBoardConnectionsView.m */ = {isa = PBXFileReference; fileEncoding = 4; lastKnownFileType = sourcecode.c.objc; path = GCYBoardConnectionsView.m; sourceTree = "<group>"; };
		E485E2601177BDBF002B7F15 /* YGameQueue.h */ = {isa = PBXFileReference; fileEncoding = 4; lastKnownFileType = sourcecode.c.h; path = YGameQueue.h; sourceTree = "<group>"; };
		E485E2611177BDBF002B7F15 /* YGameQueue.m */ = {isa = PBXFileReference; fileEncoding = 4; lastKnownFileType = sourcecode.c.objc; path = YGameQueue.m; sourceTree = "<group>"; };
		E49B7263119DD1CE002D72FE /* GCYGamePiece.h */ = {isa = PBXFileReference; fileEncoding = 4; lastKnownFileType = sourcecode.c.h; path = GCYGamePiece.h; sourceTree = "<group>"; };
		E49B7264119DD1CE002D72FE /* GCYGamePiece.m */ = {isa = PBXFileReference; fileEncoding = 4; lastKnownFileType = sourcecode.c.objc; path = GCYGamePiece.m; sourceTree = "<group>"; };
		E4F6D8B911716AE900BEAB78 /* yboard0aa.png */ = {isa = PBXFileReference; lastKnownFileType = image.png; path = yboard0aa.png; sourceTree = "<group>"; };
		E4F6D8BA11716AE900BEAB78 /* yboard1aa.png */ = {isa = PBXFileReference; lastKnownFileType = image.png; path = yboard1aa.png; sourceTree = "<group>"; };
		E4F6D8BB11716AE900BEAB78 /* yBoard2aa.png */ = {isa = PBXFileReference; lastKnownFileType = image.png; path = yBoard2aa.png; sourceTree = "<group>"; };
		E4F6D8CD1171701000BEAB78 /* GCYBoardView2.xib */ = {isa = PBXFileReference; lastKnownFileType = file.xib; path = GCYBoardView2.xib; sourceTree = "<group>"; };
/* End PBXFileReference section */

/* Begin PBXFrameworksBuildPhase section */
		1D60588F0D05DD3D006BFB54 /* Frameworks */ = {
			isa = PBXFrameworksBuildPhase;
			buildActionMask = 2147483647;
			files = (
				1D60589F0D05DD5A006BFB54 /* Foundation.framework in Frameworks */,
				1DF5F4E00D08C38300B7A737 /* UIKit.framework in Frameworks */,
				288765FD0DF74451002DB57D /* CoreGraphics.framework in Frameworks */,
			);
			runOnlyForDeploymentPostprocessing = 0;
		};
/* End PBXFrameworksBuildPhase section */

/* Begin PBXGroup section */
		080E96DDFE201D6D7F000001 /* Classes */ = {
			isa = PBXGroup;
			children = (
				0A12AC671115821B00297EB8 /* Protocols */,
				0A1ABC201135BD3300BA1B81 /* JSON */,
				0A12AB8C1115771600297EB8 /* ConnectFour */,
				0A19F18C11260A4F0003F8C7 /* Connections */,
				0A65E635111CCFD6001400F6 /* Y */,
				0A87563511140191006AB678 /* GCGame.h */,
				0A87563611140191006AB678 /* GCGame.m */,
				1D3623240D0F684500981E51 /* GamesmanMobileAppDelegate.h */,
				1D3623250D0F684500981E51 /* GamesmanMobileAppDelegate.m */,
				0A87560F1113FA3E006AB678 /* GCAboutController.h */,
				0A8756101113FA3E006AB678 /* GCAboutController.m */,
				0A87562A1113FB0A006AB678 /* GCCreditsController.h */,
				0A87562B1113FB0A006AB678 /* GCCreditsController.m */,
				0A30802D1123DF6600BD4B8E /* GCGameController.h */,
				0A30802E1123DF6600BD4B8E /* GCGameController.m */,
				0A8755F71113F8CE006AB678 /* GCGameListController.h */,
				0A8755F81113F8CE006AB678 /* GCGameListController.m */,
				0A8756B5111415BE006AB678 /* GCGameMenuController.h */,
				0A8756B6111415BE006AB678 /* GCGameMenuController.m */,
				0A65E6E1111CE375001400F6 /* GCGameOptionsController.h */,
				0A65E6E2111CE375001400F6 /* GCGameOptionsController.m */,
				0A65E693111CDEDA001400F6 /* GCGameViewController.h */,
				0A65E694111CDEDA001400F6 /* GCGameViewController.m */,
				0A87575611142585006AB678 /* GCPlayerChangeController.h */,
				0A87575711142585006AB678 /* GCPlayerChangeController.m */,
				0AFC30BD11841E3A005CD671 /* GCJSONService.h */,
				0AFC30BE11841E3A005CD671 /* GCJSONService.m */,
				0AB775A011D7103C00B04135 /* GCVVHView.h */,
				0AB775A111D7103C00B04135 /* GCVVHView.m */,
				0A700AA611D6D965003007A0 /* GCVVHViewController.h */,
				0A700AA711D6D965003007A0 /* GCVVHViewController.m */,
			);
			path = Classes;
			sourceTree = "<group>";
		};
		0A12AB8C1115771600297EB8 /* ConnectFour */ = {
			isa = PBXGroup;
			children = (
				0A87568A111411F3006AB678 /* GCConnectFour.h */,
				0A87568B111411F3006AB678 /* GCConnectFour.m */,
				0A12AB821115770C00297EB8 /* GCConnectFourOptionMenu.h */,
				0A12AB831115770C00297EB8 /* GCConnectFourOptionMenu.m */,
				0A65E713111CE538001400F6 /* GCConnectFourViewController.h */,
				0A65E714111CE538001400F6 /* GCConnectFourViewController.m */,
			);
			name = ConnectFour;
			sourceTree = "<group>";
		};
		0A12AC671115821B00297EB8 /* Protocols */ = {
			isa = PBXGroup;
			children = (
				0A12ABD211157C7300297EB8 /* GCOptionMenu.h */,
				0A12ABE011157CDA00297EB8 /* GCRulesDelegate.h */,
			);
			name = Protocols;
			sourceTree = "<group>";
		};
		0A19F18C11260A4F0003F8C7 /* Connections */ = {
			isa = PBXGroup;
			children = (
				0A19F19A11260B2E0003F8C7 /* GCConnections.h */,
				0A19F19B11260B2E0003F8C7 /* GCConnections.m */,
				0A19F1AF11260E4F0003F8C7 /* GCConnectionsOptionMenu.h */,
				0A19F1B011260E4F0003F8C7 /* GCConnectionsOptionMenu.m */,
				0A0481E8113218D300156CFF /* GCConnectionsViewController.h */,
				0A0481E9113218D300156CFF /* GCConnectionsViewController.m */,
				9C692484115017B800E0EC4B /* IntegerQueue.h */,
				9C692485115017B800E0EC4B /* IntegerQueue.m */,
			);
			name = Connections;
			sourceTree = "<group>";
		};
		0A1ABC201135BD3300BA1B81 /* JSON */ = {
			isa = PBXGroup;
			children = (
				0A1ABC211135BD3300BA1B81 /* JSON.h */,
				0A1ABC221135BD3300BA1B81 /* NSObject+SBJSON.h */,
				0A1ABC231135BD3300BA1B81 /* NSObject+SBJSON.m */,
				0A1ABC241135BD3300BA1B81 /* NSString+SBJSON.h */,
				0A1ABC251135BD3300BA1B81 /* NSString+SBJSON.m */,
				0A1ABC261135BD3300BA1B81 /* SBJSON.h */,
				0A1ABC271135BD3300BA1B81 /* SBJSON.m */,
				0A1ABC281135BD3300BA1B81 /* SBJsonBase.h */,
				0A1ABC291135BD3300BA1B81 /* SBJsonBase.m */,
				0A1ABC2A1135BD3300BA1B81 /* SBJsonParser.h */,
				0A1ABC2B1135BD3300BA1B81 /* SBJsonParser.m */,
				0A1ABC2C1135BD3300BA1B81 /* SBJsonWriter.h */,
				0A1ABC2D1135BD3300BA1B81 /* SBJsonWriter.m */,
			);
			path = JSON;
			sourceTree = "<group>";
		};
		0A3292BB11323B49006066E5 /* ConnectFour */ = {
			isa = PBXGroup;
			children = (
				0AD633E511951C7A00526842 /* C4Grid.png */,
				0A307FF21123D64000BD4B8E /* C4GridTopClear.png */,
				0A699F42114256DA00ED7B5D /* C4GridTopGreen.png */,
				0A699F43114256DA00ED7B5D /* C4GridTopRed.png */,
				0A699F44114256DA00ED7B5D /* C4GridTopYellow.png */,
				0A98CC0B11C0AC34008D01AE /* C4O.png */,
				0A98CC1511C0ADB4008D01AE /* C4X.png */,
			);
			name = ConnectFour;
			sourceTree = "<group>";
		};
		0A3292D111323D64006066E5 /* Connections */ = {
			isa = PBXGroup;
			children = (
				0A33F7BF1196292D0062B418 /* ConGreenH.png */,
				0A33F7C5119629F00062B418 /* ConGreenV.png */,
				0A33F7C11196297E0062B418 /* ConRedH.png */,
				0A33F7C6119629F00062B418 /* ConRedV.png */,
				0A33F7C21196297E0062B418 /* ConYellowH.png */,
				0A33F7C7119629F00062B418 /* ConYellowV.png */,
				0A3292EC11323FF3006066E5 /* ConO.png */,
				0A3292ED11323FF3006066E5 /* ConX.png */,
				0A22EDD2118F79A0006855AE /* ConOBar.png */,
				0A22EDD3118F79A0006855AE /* ConXBar.png */,
			);
			name = Connections;
			sourceTree = "<group>";
		};
		0A65E635111CCFD6001400F6 /* Y */ = {
			isa = PBXGroup;
			children = (
				E49B73BA119DE789002D72FE /* Board Classes */,
				E49B73B9119DE76C002D72FE /* Helper Classes */,
				0A65E636111CCFFC001400F6 /* GCYGame.h */,
				0A65E637111CCFFC001400F6 /* GCYGame.m */,
				0A65E65C111CD5DD001400F6 /* GCYOptionMenu.h */,
				0A65E65D111CD5DD001400F6 /* GCYOptionMenu.m */,
				C58F0D831144871B0058D6CE /* GCYGameViewController.h */,
				C58F0D841144871B0058D6CE /* GCYGameViewController.m */,
			);
			name = Y;
			sourceTree = "<group>";
		};
		0A8756021113F9B7006AB678 /* Images */ = {
			isa = PBXGroup;
			children = (
				0A3292BB11323B49006066E5 /* ConnectFour */,
				0A3292D111323D64006066E5 /* Connections */,
				C58F0D7D1144840D0058D6CE /* YGame */,
				0A87561E1113FA9D006AB678 /* About.png */,
				0A65E6D6111CE1E7001400F6 /* Back.png */,
				0A8756261113FACE006AB678 /* oxy.png */,
				0A85D25B112E6E58007D2C3C /* Pause.png */,
				0A8756031113F9C6006AB678 /* Play.png */,
				0A85D25F112E6E86007D2C3C /* Resume.png */,
				0A85D288112E7561007D2C3C /* Settings.png */,
			);
			name = Images;
			sourceTree = "<group>";
		};
		19C28FACFE9D520D11CA2CBB /* Products */ = {
			isa = PBXGroup;
			children = (
				1D6058910D05DD3D006BFB54 /* GamesmanMobile.app */,
			);
			name = Products;
			sourceTree = "<group>";
		};
		29B97314FDCFA39411CA2CEA /* CustomTemplate */ = {
			isa = PBXGroup;
			children = (
				080E96DDFE201D6D7F000001 /* Classes */,
				29B97315FDCFA39411CA2CEA /* Other Sources */,
				29B97317FDCFA39411CA2CEA /* Resources-iPhone */,
				29B97323FDCFA39411CA2CEA /* Frameworks */,
				19C28FACFE9D520D11CA2CBB /* Products */,
			);
			name = CustomTemplate;
			sourceTree = "<group>";
		};
		29B97315FDCFA39411CA2CEA /* Other Sources */ = {
			isa = PBXGroup;
			children = (
				32CA4F630368D1EE00C91783 /* GamesmanMobile_Prefix.pch */,
				29B97316FDCFA39411CA2CEA /* main.m */,
			);
			name = "Other Sources";
			sourceTree = "<group>";
		};
		29B97317FDCFA39411CA2CEA /* Resources-iPhone */ = {
			isa = PBXGroup;
			children = (
				C58F0D77114481FB0058D6CE /* YBoards */,
				0A8756021113F9B7006AB678 /* Images */,
				0A8756221113FABB006AB678 /* About.xib */,
				0A65E696111CDF06001400F6 /* GameView.xib */,
				28AD733E0D9D9553002E5188 /* MainWindow.xib */,
				0A87575B111425A2006AB678 /* PlayerChanger.xib */,
				8D1107310486CEB800E47090 /* GamesmanMobile-Info.plist */,
				0AAEC23611D7F9F800962EEA /* Entitlements.plist */,
			);
			name = "Resources-iPhone";
			sourceTree = "<group>";
		};
		29B97323FDCFA39411CA2CEA /* Frameworks */ = {
			isa = PBXGroup;
			children = (
				1DF5F4DF0D08C38300B7A737 /* UIKit.framework */,
				1D30AB110D05D00D00671497 /* Foundation.framework */,
				288765FC0DF74451002DB57D /* CoreGraphics.framework */,
			);
			name = Frameworks;
			sourceTree = "<group>";
		};
		C58F0D77114481FB0058D6CE /* YBoards */ = {
			isa = PBXGroup;
			children = (
				C58F0D7411447A2A0058D6CE /* GCYBoardView0.xib */,
				C58F0D7A114482CB0058D6CE /* GCYBoardView1.xib */,
				E4F6D8CD1171701000BEAB78 /* GCYBoardView2.xib */,
			);
			name = YBoards;
			sourceTree = "<group>";
		};
		C58F0D7D1144840D0058D6CE /* YGame */ = {
			isa = PBXGroup;
			children = (
				E4F6D8B911716AE900BEAB78 /* yboard0aa.png */,
				E4F6D8BA11716AE900BEAB78 /* yboard1aa.png */,
				E4F6D8BB11716AE900BEAB78 /* yBoard2aa.png */,
				C58F0D7E114484290058D6CE /* yboard.gif */,
			);
			name = YGame;
			sourceTree = "<group>";
		};
		E49B73B9119DE76C002D72FE /* Helper Classes */ = {
			isa = PBXGroup;
			children = (
				E485E2601177BDBF002B7F15 /* YGameQueue.h */,
				E485E2611177BDBF002B7F15 /* YGameQueue.m */,
			);
			name = "Helper Classes";
			sourceTree = "<group>";
		};
		E49B73BA119DE789002D72FE /* Board Classes */ = {
			isa = PBXGroup;
			children = (
				E423EBE7118A14F000360BDF /* GCYBoardView.h */,
				E423EBE8118A14F000360BDF /* GCYBoardView.m */,
				E423EBEA118A15EC00360BDF /* GCYBoardConnectionsView.h */,
				E423EBEB118A15EC00360BDF /* GCYBoardConnectionsView.m */,
				E49B7263119DD1CE002D72FE /* GCYGamePiece.h */,
				E49B7264119DD1CE002D72FE /* GCYGamePiece.m */,
			);
			name = "Board Classes";
			sourceTree = "<group>";
		};
/* End PBXGroup section */

/* Begin PBXNativeTarget section */
		1D6058900D05DD3D006BFB54 /* GamesmanMobile */ = {
			isa = PBXNativeTarget;
			buildConfigurationList = 1D6058960D05DD3E006BFB54 /* Build configuration list for PBXNativeTarget "GamesmanMobile" */;
			buildPhases = (
				1D60588D0D05DD3D006BFB54 /* Resources */,
				1D60588E0D05DD3D006BFB54 /* Sources */,
				1D60588F0D05DD3D006BFB54 /* Frameworks */,
			);
			buildRules = (
			);
			dependencies = (
			);
			name = GamesmanMobile;
			productName = GamesmanMobile;
			productReference = 1D6058910D05DD3D006BFB54 /* GamesmanMobile.app */;
			productType = "com.apple.product-type.application";
		};
/* End PBXNativeTarget section */

/* Begin PBXProject section */
		29B97313FDCFA39411CA2CEA /* Project object */ = {
			isa = PBXProject;
			attributes = {
				ORGANIZATIONNAME = GamesCrafters;
			};
			buildConfigurationList = C01FCF4E08A954540054247B /* Build configuration list for PBXProject "GamesmanMobile" */;
			compatibilityVersion = "Xcode 3.1";
			developmentRegion = English;
			hasScannedForEncodings = 1;
			knownRegions = (
				English,
				Japanese,
				French,
				German,
			);
			mainGroup = 29B97314FDCFA39411CA2CEA /* CustomTemplate */;
			projectDirPath = "";
			projectRoot = "";
			targets = (
				1D6058900D05DD3D006BFB54 /* GamesmanMobile */,
			);
		};
/* End PBXProject section */

/* Begin PBXResourcesBuildPhase section */
		1D60588D0D05DD3D006BFB54 /* Resources */ = {
			isa = PBXResourcesBuildPhase;
			buildActionMask = 2147483647;
			files = (
				28AD733F0D9D9553002E5188 /* MainWindow.xib in Resources */,
				0A8756041113F9C6006AB678 /* Play.png in Resources */,
				0A87561F1113FA9D006AB678 /* About.png in Resources */,
				0A8756231113FABB006AB678 /* About.xib in Resources */,
				0A8756271113FACE006AB678 /* oxy.png in Resources */,
				0A87575C111425A2006AB678 /* PlayerChanger.xib in Resources */,
				0A65E697111CDF06001400F6 /* GameView.xib in Resources */,
				0A65E6D7111CE1E7001400F6 /* Back.png in Resources */,
				0A307FF31123D64000BD4B8E /* C4GridTopClear.png in Resources */,
				0A85D25D112E6E58007D2C3C /* Pause.png in Resources */,
				0A85D260112E6E86007D2C3C /* Resume.png in Resources */,
				0A85D289112E7561007D2C3C /* Settings.png in Resources */,
				0A3292EE11323FF3006066E5 /* ConO.png in Resources */,
				0A3292EF11323FF3006066E5 /* ConX.png in Resources */,
				0A699F45114256DA00ED7B5D /* C4GridTopGreen.png in Resources */,
				0A699F46114256DA00ED7B5D /* C4GridTopRed.png in Resources */,
				0A699F47114256DA00ED7B5D /* C4GridTopYellow.png in Resources */,
				C58F0D7511447A2A0058D6CE /* GCYBoardView0.xib in Resources */,
				C58F0D7B114482CB0058D6CE /* GCYBoardView1.xib in Resources */,
				C58F0D7F114484290058D6CE /* yboard.gif in Resources */,
				E4F6D8BC11716AE900BEAB78 /* yboard0aa.png in Resources */,
				E4F6D8BD11716AE900BEAB78 /* yboard1aa.png in Resources */,
				E4F6D8BE11716AE900BEAB78 /* yBoard2aa.png in Resources */,
				E4F6D8CE1171701000BEAB78 /* GCYBoardView2.xib in Resources */,
				0A22EDD4118F79A0006855AE /* ConOBar.png in Resources */,
				0A22EDD5118F79A0006855AE /* ConXBar.png in Resources */,
				0AD633E611951C7A00526842 /* C4Grid.png in Resources */,
				0A33F7C01196292D0062B418 /* ConGreenH.png in Resources */,
				0A33F7C31196297E0062B418 /* ConRedH.png in Resources */,
				0A33F7C41196297E0062B418 /* ConYellowH.png in Resources */,
				0A33F7C8119629F00062B418 /* ConGreenV.png in Resources */,
				0A33F7C9119629F00062B418 /* ConRedV.png in Resources */,
				0A33F7CA119629F00062B418 /* ConYellowV.png in Resources */,
				0A98CC0C11C0AC34008D01AE /* C4O.png in Resources */,
				0A98CC1611C0ADB4008D01AE /* C4X.png in Resources */,
			);
			runOnlyForDeploymentPostprocessing = 0;
		};
/* End PBXResourcesBuildPhase section */

/* Begin PBXSourcesBuildPhase section */
		1D60588E0D05DD3D006BFB54 /* Sources */ = {
			isa = PBXSourcesBuildPhase;
			buildActionMask = 2147483647;
			files = (
				1D60589B0D05DD56006BFB54 /* main.m in Sources */,
				1D3623260D0F684500981E51 /* GamesmanMobileAppDelegate.m in Sources */,
				0A8755F91113F8CE006AB678 /* GCGameListController.m in Sources */,
				0A8756111113FA3E006AB678 /* GCAboutController.m in Sources */,
				0A87562C1113FB0A006AB678 /* GCCreditsController.m in Sources */,
				0A87563711140191006AB678 /* GCGame.m in Sources */,
				0A87568C111411F3006AB678 /* GCConnectFour.m in Sources */,
				0A8756B7111415BE006AB678 /* GCGameMenuController.m in Sources */,
				0A87575811142585006AB678 /* GCPlayerChangeController.m in Sources */,
				0A12AB841115770C00297EB8 /* GCConnectFourOptionMenu.m in Sources */,
				0A65E638111CCFFC001400F6 /* GCYGame.m in Sources */,
				0A65E65E111CD5DD001400F6 /* GCYOptionMenu.m in Sources */,
				0A65E695111CDEDA001400F6 /* GCGameViewController.m in Sources */,
				0A65E6E3111CE375001400F6 /* GCGameOptionsController.m in Sources */,
				0A65E715111CE538001400F6 /* GCConnectFourViewController.m in Sources */,
				0A30802F1123DF6600BD4B8E /* GCGameController.m in Sources */,
				0A19F19C11260B2E0003F8C7 /* GCConnections.m in Sources */,
				0A19F1B111260E4F0003F8C7 /* GCConnectionsOptionMenu.m in Sources */,
				0A0481EA113218D300156CFF /* GCConnectionsViewController.m in Sources */,
				0A1ABC2E1135BD3300BA1B81 /* NSObject+SBJSON.m in Sources */,
				0A1ABC2F1135BD3300BA1B81 /* NSString+SBJSON.m in Sources */,
				0A1ABC301135BD3300BA1B81 /* SBJSON.m in Sources */,
				0A1ABC311135BD3300BA1B81 /* SBJsonBase.m in Sources */,
				0A1ABC321135BD3300BA1B81 /* SBJsonParser.m in Sources */,
				0A1ABC331135BD3300BA1B81 /* SBJsonWriter.m in Sources */,
				C58F0D851144871B0058D6CE /* GCYGameViewController.m in Sources */,
				9C692486115017B800E0EC4B /* IntegerQueue.m in Sources */,
				E485E2621177BDBF002B7F15 /* YGameQueue.m in Sources */,
				0AFC30BF11841E3A005CD671 /* GCJSONService.m in Sources */,
				E423EBE9118A14F000360BDF /* GCYBoardView.m in Sources */,
				E423EBEC118A15EC00360BDF /* GCYBoardConnectionsView.m in Sources */,
				E49B7265119DD1CE002D72FE /* GCYGamePiece.m in Sources */,
				0A700AA811D6D965003007A0 /* GCVVHViewController.m in Sources */,
				0AB775A211D7103C00B04135 /* GCVVHView.m in Sources */,
			);
			runOnlyForDeploymentPostprocessing = 0;
		};
/* End PBXSourcesBuildPhase section */

/* Begin XCBuildConfiguration section */
		0ADC628C11C091D400A9B9C0 /* Distribution */ = {
			isa = XCBuildConfiguration;
			buildSettings = {
				ARCHS = "$(ARCHS_STANDARD_32_BIT)";
				CODE_SIGN_ENTITLEMENTS = Entitlements.plist;
				"CODE_SIGN_IDENTITY[sdk=iphoneos*]" = "iPhone Distribution: Kevin Jorgensen";
				GCC_C_LANGUAGE_STANDARD = c99;
				GCC_WARN_ABOUT_RETURN_TYPE = YES;
				GCC_WARN_UNUSED_VARIABLE = YES;
				PREBINDING = NO;
				"PROVISIONING_PROFILE[sdk=iphoneos*]" = "55008DCE-7D1C-48E3-86F7-FCE55FE42205";
				SDKROOT = iphoneos4.1;
			};
			name = Distribution;
		};
		0ADC628D11C091D400A9B9C0 /* Distribution */ = {
			isa = XCBuildConfiguration;
			buildSettings = {
				ALWAYS_SEARCH_USER_PATHS = NO;
				CODE_SIGN_ENTITLEMENTS = "~/Documents/iPhone/iGamesman/Entitlements.plist";
				COPY_PHASE_STRIP = YES;
				GCC_PRECOMPILE_PREFIX_HEADER = YES;
				GCC_PREFIX_HEADER = GamesmanMobile_Prefix.pch;
				INFOPLIST_FILE = "GamesmanMobile-Info.plist";
				PRODUCT_NAME = GamesmanMobile;
				VALIDATE_PRODUCT = YES;
			};
			name = Distribution;
		};
		1D6058940D05DD3E006BFB54 /* Debug */ = {
			isa = XCBuildConfiguration;
			buildSettings = {
				ALWAYS_SEARCH_USER_PATHS = NO;
				CODE_SIGN_ENTITLEMENTS = "~/Documents/iPhone/iGamesman/Entitlements.plist";
				COPY_PHASE_STRIP = NO;
				GCC_DYNAMIC_NO_PIC = NO;
				GCC_OPTIMIZATION_LEVEL = 0;
				GCC_PRECOMPILE_PREFIX_HEADER = YES;
				GCC_PREFIX_HEADER = GamesmanMobile_Prefix.pch;
				INFOPLIST_FILE = "GamesmanMobile-Info.plist";
				PRODUCT_NAME = GamesmanMobile;
			};
			name = Debug;
		};
		1D6058950D05DD3E006BFB54 /* Release */ = {
			isa = XCBuildConfiguration;
			buildSettings = {
				ALWAYS_SEARCH_USER_PATHS = NO;
				CODE_SIGN_ENTITLEMENTS = "~/Documents/iPhone/iGamesman/Entitlements.plist";
				COPY_PHASE_STRIP = YES;
				GCC_PRECOMPILE_PREFIX_HEADER = YES;
				GCC_PREFIX_HEADER = GamesmanMobile_Prefix.pch;
				INFOPLIST_FILE = "GamesmanMobile-Info.plist";
				PRODUCT_NAME = GamesmanMobile;
				VALIDATE_PRODUCT = YES;
			};
			name = Release;
		};
		C01FCF4F08A954540054247B /* Debug */ = {
			isa = XCBuildConfiguration;
			buildSettings = {
				ADDITIONAL_SDKS = "";
				ARCHS = "$(ARCHS_STANDARD_32_BIT)";
				"CODE_SIGN_IDENTITY[sdk=iphoneos*]" = "iPhone Developer";
				GCC_C_LANGUAGE_STANDARD = c99;
				GCC_WARN_ABOUT_RETURN_TYPE = YES;
				GCC_WARN_UNUSED_VARIABLE = YES;
				PREBINDING = NO;
				"PROVISIONING_PROFILE[sdk=iphoneos*]" = "";
				SDKROOT = iphoneos4.1;
			};
			name = Debug;
		};
		C01FCF5008A954540054247B /* Release */ = {
			isa = XCBuildConfiguration;
			buildSettings = {
				ARCHS = "$(ARCHS_STANDARD_32_BIT)";
				"CODE_SIGN_IDENTITY[sdk=iphoneos*]" = "iPhone Developer";
				GCC_C_LANGUAGE_STANDARD = c99;
				GCC_WARN_ABOUT_RETURN_TYPE = YES;
				GCC_WARN_UNUSED_VARIABLE = YES;
				PREBINDING = NO;
				SDKROOT = iphoneos4.1;
			};
			name = Release;
		};
/* End XCBuildConfiguration section */

/* Begin XCConfigurationList section */
		1D6058960D05DD3E006BFB54 /* Build configuration list for PBXNativeTarget "GamesmanMobile" */ = {
			isa = XCConfigurationList;
			buildConfigurations = (
				1D6058940D05DD3E006BFB54 /* Debug */,
				1D6058950D05DD3E006BFB54 /* Release */,
				0ADC628D11C091D400A9B9C0 /* Distribution */,
			);
			defaultConfigurationIsVisible = 0;
			defaultConfigurationName = Release;
		};
		C01FCF4E08A954540054247B /* Build configuration list for PBXProject "GamesmanMobile" */ = {
			isa = XCConfigurationList;
			buildConfigurations = (
				C01FCF4F08A954540054247B /* Debug */,
				C01FCF5008A954540054247B /* Release */,
				0ADC628C11C091D400A9B9C0 /* Distribution */,
			);
			defaultConfigurationIsVisible = 0;
			defaultConfigurationName = Release;
		};
/* End XCConfigurationList section */
	};
	rootObject = 29B97313FDCFA39411CA2CEA /* Project object */;
}
